// !$*UTF8*$!
{
	archiveVersion = 1;
	classes = {
	};
	objectVersion = 50;
	objects = {

/* Begin PBXBuildFile section */
		454A580AF15DF81C903B50A2 /* Pods_Truverus.framework in Frameworks */ = {isa = PBXBuildFile; fileRef = 5E56E34A7933A4FBFE8F88BB /* Pods_Truverus.framework */; };
		CE15AA57228006B700881C8E /* BaseViewController.swift in Sources */ = {isa = PBXBuildFile; fileRef = CE15AA56228006B700881C8E /* BaseViewController.swift */; };
		CE15AA5A22803E2100881C8E /* CPSocialSignInHelper.swift in Sources */ = {isa = PBXBuildFile; fileRef = CE15AA5922803E2100881C8E /* CPSocialSignInHelper.swift */; };
		CE4C3A8B227DB393004443A2 /* CPMenuView.storyboard in Resources */ = {isa = PBXBuildFile; fileRef = CE4C3A7E227DB393004443A2 /* CPMenuView.storyboard */; };
		CE4C3A8C227DB393004443A2 /* CPShareAppTableViewCell.xib in Resources */ = {isa = PBXBuildFile; fileRef = CE4C3A7F227DB393004443A2 /* CPShareAppTableViewCell.xib */; };
		CE4C3A8D227DB393004443A2 /* CPShareAppTableViewCell.swift in Sources */ = {isa = PBXBuildFile; fileRef = CE4C3A80227DB393004443A2 /* CPShareAppTableViewCell.swift */; };
		CE4C3A8E227DB393004443A2 /* CPMenuTableViewCell.swift in Sources */ = {isa = PBXBuildFile; fileRef = CE4C3A81227DB393004443A2 /* CPMenuTableViewCell.swift */; };
		CE4C3A8F227DB393004443A2 /* CPMenuViewController.swift in Sources */ = {isa = PBXBuildFile; fileRef = CE4C3A82227DB393004443A2 /* CPMenuViewController.swift */; };
		CE4C3A90227DB393004443A2 /* CPHomeViewController.swift in Sources */ = {isa = PBXBuildFile; fileRef = CE4C3A84227DB393004443A2 /* CPHomeViewController.swift */; };
		CE4C3A91227DB393004443A2 /* CPHomeView.storyboard in Resources */ = {isa = PBXBuildFile; fileRef = CE4C3A85227DB393004443A2 /* CPHomeView.storyboard */; };
		CE4C3A92227DB393004443A2 /* CPLogin.storyboard in Resources */ = {isa = PBXBuildFile; fileRef = CE4C3A87227DB393004443A2 /* CPLogin.storyboard */; };
		CE4C3A93227DB393004443A2 /* CPSignUpViewController.swift in Sources */ = {isa = PBXBuildFile; fileRef = CE4C3A88227DB393004443A2 /* CPSignUpViewController.swift */; };
		CE4C3A94227DB393004443A2 /* CPLoginViewController.swift in Sources */ = {isa = PBXBuildFile; fileRef = CE4C3A89227DB393004443A2 /* CPLoginViewController.swift */; };
		CE54A1822278012200C4BEE1 /* AppDelegate.swift in Sources */ = {isa = PBXBuildFile; fileRef = CE54A1812278012200C4BEE1 /* AppDelegate.swift */; };
		CE54A1842278012200C4BEE1 /* ViewController.swift in Sources */ = {isa = PBXBuildFile; fileRef = CE54A1832278012200C4BEE1 /* ViewController.swift */; };
		CE54A18A2278012200C4BEE1 /* Truverus.xcdatamodeld in Sources */ = {isa = PBXBuildFile; fileRef = CE54A1882278012200C4BEE1 /* Truverus.xcdatamodeld */; };
		CE54A18C2278012300C4BEE1 /* Assets.xcassets in Resources */ = {isa = PBXBuildFile; fileRef = CE54A18B2278012300C4BEE1 /* Assets.xcassets */; };
		CE54A18F2278012300C4BEE1 /* LaunchScreen.storyboard in Resources */ = {isa = PBXBuildFile; fileRef = CE54A18D2278012300C4BEE1 /* LaunchScreen.storyboard */; };
		CE54A19A2278012300C4BEE1 /* TruverusTests.swift in Sources */ = {isa = PBXBuildFile; fileRef = CE54A1992278012300C4BEE1 /* TruverusTests.swift */; };
		CE54A1A52278012300C4BEE1 /* TruverusUITests.swift in Sources */ = {isa = PBXBuildFile; fileRef = CE54A1A42278012300C4BEE1 /* TruverusUITests.swift */; };
		CE54A1CF22780BC700C4BEE1 /* Trade Gothic LT Bold Oblique.ttf in Resources */ = {isa = PBXBuildFile; fileRef = CE54A1B422780BC700C4BEE1 /* Trade Gothic LT Bold Oblique.ttf */; };
		CE54A1D022780BC700C4BEE1 /* Trade Gothic LT Light.ttf in Resources */ = {isa = PBXBuildFile; fileRef = CE54A1B522780BC700C4BEE1 /* Trade Gothic LT Light.ttf */; };
		CE54A1D122780BC700C4BEE1 /* AvenirNextLTPro-Cn.otf in Resources */ = {isa = PBXBuildFile; fileRef = CE54A1B622780BC700C4BEE1 /* AvenirNextLTPro-Cn.otf */; };
		CE54A1D222780BC700C4BEE1 /* Trade Gothic LT Bold No. 2.ttf in Resources */ = {isa = PBXBuildFile; fileRef = CE54A1B722780BC700C4BEE1 /* Trade Gothic LT Bold No. 2.ttf */; };
		CE54A1D322780BC700C4BEE1 /* AvenirNextLTPro-DemiCnIt.otf in Resources */ = {isa = PBXBuildFile; fileRef = CE54A1B822780BC700C4BEE1 /* AvenirNextLTPro-DemiCnIt.otf */; };
		CE54A1D422780BC700C4BEE1 /* AvenirNextLTPro-Demi.otf in Resources */ = {isa = PBXBuildFile; fileRef = CE54A1B922780BC700C4BEE1 /* AvenirNextLTPro-Demi.otf */; };
		CE54A1D522780BC700C4BEE1 /* AvenirNextLTPro-CnIt.otf in Resources */ = {isa = PBXBuildFile; fileRef = CE54A1BA22780BC700C4BEE1 /* AvenirNextLTPro-CnIt.otf */; };
		CE54A1D622780BC700C4BEE1 /* Trade Gothic LT Bold.ttf in Resources */ = {isa = PBXBuildFile; fileRef = CE54A1BB22780BC700C4BEE1 /* Trade Gothic LT Bold.ttf */; };
		CE54A1D722780BC700C4BEE1 /* Trade Gothic LT.ttf in Resources */ = {isa = PBXBuildFile; fileRef = CE54A1BC22780BC700C4BEE1 /* Trade Gothic LT.ttf */; };
		CE54A1D822780BC700C4BEE1 /* AvenirNextLTPro-BoldCn.otf in Resources */ = {isa = PBXBuildFile; fileRef = CE54A1BD22780BC700C4BEE1 /* AvenirNextLTPro-BoldCn.otf */; };
		CE54A1D922780BC700C4BEE1 /* AvenirNextLTPro-DemiCn.otf in Resources */ = {isa = PBXBuildFile; fileRef = CE54A1BE22780BC700C4BEE1 /* AvenirNextLTPro-DemiCn.otf */; };
		CE54A1DA22780BC700C4BEE1 /* AvenirNextLTPro-BoldCnIt.otf in Resources */ = {isa = PBXBuildFile; fileRef = CE54A1BF22780BC700C4BEE1 /* AvenirNextLTPro-BoldCnIt.otf */; };
		CE54A1DB22780BC700C4BEE1 /* Trade Gothic LT Extended.ttf in Resources */ = {isa = PBXBuildFile; fileRef = CE54A1C022780BC700C4BEE1 /* Trade Gothic LT Extended.ttf */; };
		CE54A1DC22780BC700C4BEE1 /* AvenirNextLTPro-Bold.otf in Resources */ = {isa = PBXBuildFile; fileRef = CE54A1C122780BC700C4BEE1 /* AvenirNextLTPro-Bold.otf */; };
		CE54A1DD22780BC700C4BEE1 /* AvenirNextLTPro-UltLtCn.otf in Resources */ = {isa = PBXBuildFile; fileRef = CE54A1C222780BC700C4BEE1 /* AvenirNextLTPro-UltLtCn.otf */; };
		CE54A1DE22780BC700C4BEE1 /* Trade Gothic LT Bold Extended.ttf in Resources */ = {isa = PBXBuildFile; fileRef = CE54A1C322780BC700C4BEE1 /* Trade Gothic LT Bold Extended.ttf */; };
		CE54A1DF22780BC700C4BEE1 /* Trade Gothic LT Light Oblique.ttf in Resources */ = {isa = PBXBuildFile; fileRef = CE54A1C422780BC700C4BEE1 /* Trade Gothic LT Light Oblique.ttf */; };
		CE54A1E022780BC700C4BEE1 /* Trade Gothic LT Oblique.ttf in Resources */ = {isa = PBXBuildFile; fileRef = CE54A1C522780BC700C4BEE1 /* Trade Gothic LT Oblique.ttf */; };
		CE54A1E122780BC700C4BEE1 /* AvenirNextLTPro-UltLtCnIt.otf in Resources */ = {isa = PBXBuildFile; fileRef = CE54A1C622780BC700C4BEE1 /* AvenirNextLTPro-UltLtCnIt.otf */; };
		CE54A1E222780BC700C4BEE1 /* AvenirNextLTPro-It.otf in Resources */ = {isa = PBXBuildFile; fileRef = CE54A1C722780BC700C4BEE1 /* AvenirNextLTPro-It.otf */; };
		CE54A1E322780BC700C4BEE1 /* AvenirNextLTPro-MediumCnIt.otf in Resources */ = {isa = PBXBuildFile; fileRef = CE54A1C822780BC700C4BEE1 /* AvenirNextLTPro-MediumCnIt.otf */; };
		CE54A1E422780BC700C4BEE1 /* AvenirNextLTPro-HeavyCn.otf in Resources */ = {isa = PBXBuildFile; fileRef = CE54A1C922780BC700C4BEE1 /* AvenirNextLTPro-HeavyCn.otf */; };
		CE54A1E522780BC700C4BEE1 /* AvenirNextLTPro-MediumCn.otf in Resources */ = {isa = PBXBuildFile; fileRef = CE54A1CA22780BC700C4BEE1 /* AvenirNextLTPro-MediumCn.otf */; };
		CE54A1E622780BC700C4BEE1 /* Trade Gothic LT Bold No. 2 Oblique.ttf in Resources */ = {isa = PBXBuildFile; fileRef = CE54A1CB22780BC700C4BEE1 /* Trade Gothic LT Bold No. 2 Oblique.ttf */; };
		CE54A1E722780BC700C4BEE1 /* AvenirNextLTPro-HeavyCnIt.otf in Resources */ = {isa = PBXBuildFile; fileRef = CE54A1CC22780BC700C4BEE1 /* AvenirNextLTPro-HeavyCnIt.otf */; };
		CE54A1E822780BC700C4BEE1 /* AvenirNextLTPro-Regular.otf in Resources */ = {isa = PBXBuildFile; fileRef = CE54A1CD22780BC700C4BEE1 /* AvenirNextLTPro-Regular.otf */; };
		CE54A1E922780BC700C4BEE1 /* AvenirNextLTPro-DemiIt.otf in Resources */ = {isa = PBXBuildFile; fileRef = CE54A1CE22780BC700C4BEE1 /* AvenirNextLTPro-DemiIt.otf */; };
		CE54A1F2227811AE00C4BEE1 /* CPCustomSegmentedControll.swift in Sources */ = {isa = PBXBuildFile; fileRef = CE54A1F1227811AE00C4BEE1 /* CPCustomSegmentedControll.swift */; };
		CE54A1F5227813EE00C4BEE1 /* Main.storyboard in Resources */ = {isa = PBXBuildFile; fileRef = CE54A1F3227813EE00C4BEE1 /* Main.storyboard */; };
		CE54A1FC22784E4300C4BEE1 /* CPCommon.swift in Sources */ = {isa = PBXBuildFile; fileRef = CE54A1FB22784E4300C4BEE1 /* CPCommon.swift */; };
		CE54A205227AB2C200C4BEE1 /* CPUiViewTransitions.swift in Sources */ = {isa = PBXBuildFile; fileRef = CE54A204227AB2C200C4BEE1 /* CPUiViewTransitions.swift */; };
		CE54A207227AC45D00C4BEE1 /* CPSlideInTransition.swift in Sources */ = {isa = PBXBuildFile; fileRef = CE54A206227AC45D00C4BEE1 /* CPSlideInTransition.swift */; };
		CE74F9D52281525F0009ABCD /* FBSDKLoginKit.framework in Frameworks */ = {isa = PBXBuildFile; fileRef = CE74F9D32281525D0009ABCD /* FBSDKLoginKit.framework */; };
		CE74F9D62281525F0009ABCD /* FBSDKCoreKit.framework in Frameworks */ = {isa = PBXBuildFile; fileRef = CE74F9D42281525F0009ABCD /* FBSDKCoreKit.framework */; };
		CE74F9DA228196E80009ABCD /* credentials.plist in Resources */ = {isa = PBXBuildFile; fileRef = CE74F9D9228196E80009ABCD /* credentials.plist */; };
		CEE911A52289311D0000F3EE /* CPCommunity.storyboard in Resources */ = {isa = PBXBuildFile; fileRef = CEE911A42289311D0000F3EE /* CPCommunity.storyboard */; };
		CEE911AA22893E3F0000F3EE /* CPCommunityHomeViewController.swift in Sources */ = {isa = PBXBuildFile; fileRef = CEE911A922893E3F0000F3EE /* CPCommunityHomeViewController.swift */; };
		CEE911AC22893F1E0000F3EE /* CPFeedbackViewController.swift in Sources */ = {isa = PBXBuildFile; fileRef = CEE911AB22893F1E0000F3EE /* CPFeedbackViewController.swift */; };
		CEE911AE22893F480000F3EE /* CPPromotionsViewController.swift in Sources */ = {isa = PBXBuildFile; fileRef = CEE911AD22893F480000F3EE /* CPPromotionsViewController.swift */; };
		CEE911B022893F6A0000F3EE /* CPEventsViewController.swift in Sources */ = {isa = PBXBuildFile; fileRef = CEE911AF22893F6A0000F3EE /* CPEventsViewController.swift */; };
		CEE911B2228940850000F3EE /* CPFeedbackCollectionViewCell.swift in Sources */ = {isa = PBXBuildFile; fileRef = CEE911B1228940850000F3EE /* CPFeedbackCollectionViewCell.swift */; };
		CEE911B42289409A0000F3EE /* CPPromotionCollectionViewCell.swift in Sources */ = {isa = PBXBuildFile; fileRef = CEE911B32289409A0000F3EE /* CPPromotionCollectionViewCell.swift */; };
		CEE911B6228940AD0000F3EE /* CPEventCollectionViewCell.swift in Sources */ = {isa = PBXBuildFile; fileRef = CEE911B5228940AD0000F3EE /* CPEventCollectionViewCell.swift */; };
		CEE911B8228943BF0000F3EE /* CPFeedbackSubViewController.swift in Sources */ = {isa = PBXBuildFile; fileRef = CEE911B7228943BF0000F3EE /* CPFeedbackSubViewController.swift */; };
		CEE911BA228943D20000F3EE /* CPPromotionSubviewViewController.swift in Sources */ = {isa = PBXBuildFile; fileRef = CEE911B9228943D20000F3EE /* CPPromotionSubviewViewController.swift */; };
		CEE911BC228943E70000F3EE /* CPEventSubViewController.swift in Sources */ = {isa = PBXBuildFile; fileRef = CEE911BB228943E70000F3EE /* CPEventSubViewController.swift */; };
		CEE911BE228944440000F3EE /* RatingController.swift in Sources */ = {isa = PBXBuildFile; fileRef = CEE911BD228944440000F3EE /* RatingController.swift */; };
		CEE911C122894FA90000F3EE /* Settings.storyboard in Resources */ = {isa = PBXBuildFile; fileRef = CEE911C022894FA90000F3EE /* Settings.storyboard */; };
		CEE911C32289552C0000F3EE /* CPSettingsViewController.swift in Sources */ = {isa = PBXBuildFile; fileRef = CEE911C22289552C0000F3EE /* CPSettingsViewController.swift */; };
		CEE911C5228955460000F3EE /* CPSettingsTableViewCell.swift in Sources */ = {isa = PBXBuildFile; fileRef = CEE911C4228955460000F3EE /* CPSettingsTableViewCell.swift */; };
		CEE911C822897E700000F3EE /* ManageLocation.storyboard in Resources */ = {isa = PBXBuildFile; fileRef = CEE911C722897E700000F3EE /* ManageLocation.storyboard */; };
		CEE911CA22898A390000F3EE /* CPMapViewController.swift in Sources */ = {isa = PBXBuildFile; fileRef = CEE911C922898A390000F3EE /* CPMapViewController.swift */; };
		CEE911CE228BE4E90000F3EE /* CPAPIManager.swift in Sources */ = {isa = PBXBuildFile; fileRef = CEE911CD228BE4E90000F3EE /* CPAPIManager.swift */; };
		CEE911D0228BE5CE0000F3EE /* CPConstants.swift in Sources */ = {isa = PBXBuildFile; fileRef = CEE911CF228BE5CE0000F3EE /* CPConstants.swift */; };
		CEE911D2228C0A630000F3EE /* CPScanViewModel.swift in Sources */ = {isa = PBXBuildFile; fileRef = CEE911D1228C0A630000F3EE /* CPScanViewModel.swift */; };
		CEE911D4228C0AB20000F3EE /* CPHelper.swift in Sources */ = {isa = PBXBuildFile; fileRef = CEE911D3228C0AB20000F3EE /* CPHelper.swift */; };
		CEE91203228EA5730000F3EE /* ApiManager.swift in Sources */ = {isa = PBXBuildFile; fileRef = CEE91202228EA5730000F3EE /* ApiManager.swift */; };
		CEE91205228EA58A0000F3EE /* ResponseError.swift in Sources */ = {isa = PBXBuildFile; fileRef = CEE91204228EA58A0000F3EE /* ResponseError.swift */; };
		CEE91207228EA5990000F3EE /* UrlConstans.swift in Sources */ = {isa = PBXBuildFile; fileRef = CEE91206228EA5990000F3EE /* UrlConstans.swift */; };
		CEE9120A228EA6F80000F3EE /* SocialUserLogin.swift in Sources */ = {isa = PBXBuildFile; fileRef = CEE91209228EA6F80000F3EE /* SocialUserLogin.swift */; };
		CEF2370C2282A1A5006DB6AC /* CPParallaxTableView.swift in Sources */ = {isa = PBXBuildFile; fileRef = CEF2370B2282A1A5006DB6AC /* CPParallaxTableView.swift */; };
		CEF2370E2282A5E6006DB6AC /* CPProductScreenViewController.swift in Sources */ = {isa = PBXBuildFile; fileRef = CEF2370D2282A5E6006DB6AC /* CPProductScreenViewController.swift */; };
		CEF237102282A60F006DB6AC /* CPCustomTableViewCell.swift in Sources */ = {isa = PBXBuildFile; fileRef = CEF2370F2282A60F006DB6AC /* CPCustomTableViewCell.swift */; };
		CEF237132282CE70006DB6AC /* CPMyCollectionScreenViewController.swift in Sources */ = {isa = PBXBuildFile; fileRef = CEF237122282CE70006DB6AC /* CPMyCollectionScreenViewController.swift */; };
		CEF237162282D6D8006DB6AC /* CPCollectionViewController.swift in Sources */ = {isa = PBXBuildFile; fileRef = CEF237152282D6D8006DB6AC /* CPCollectionViewController.swift */; };
		CEF237182282D76E006DB6AC /* CPCollectionTabCollectionViewCell.swift in Sources */ = {isa = PBXBuildFile; fileRef = CEF237172282D76E006DB6AC /* CPCollectionTabCollectionViewCell.swift */; };
		CEF2371B2283F70E006DB6AC /* CPPendingListViewController.swift in Sources */ = {isa = PBXBuildFile; fileRef = CEF2371A2283F70E006DB6AC /* CPPendingListViewController.swift */; };
		CEF2371D2283F72D006DB6AC /* CPPendingCollectionViewCell.swift in Sources */ = {isa = PBXBuildFile; fileRef = CEF2371C2283F72D006DB6AC /* CPPendingCollectionViewCell.swift */; };
		CEF2372022841BF5006DB6AC /* CPRequestsViewController.swift in Sources */ = {isa = PBXBuildFile; fileRef = CEF2371F22841BF5006DB6AC /* CPRequestsViewController.swift */; };
		CEF2372222841C21006DB6AC /* CPRequestsCollectionViewCell.swift in Sources */ = {isa = PBXBuildFile; fileRef = CEF2372122841C21006DB6AC /* CPRequestsCollectionViewCell.swift */; };
		CEF2372522842564006DB6AC /* CPTransferViewController.swift in Sources */ = {isa = PBXBuildFile; fileRef = CEF2372422842564006DB6AC /* CPTransferViewController.swift */; };
		CEF2372722842595006DB6AC /* Transfer.storyboard in Resources */ = {isa = PBXBuildFile; fileRef = CEF2372622842595006DB6AC /* Transfer.storyboard */; };
		CEF2372A228440A6006DB6AC /* MyAccount.storyboard in Resources */ = {isa = PBXBuildFile; fileRef = CEF23729228440A6006DB6AC /* MyAccount.storyboard */; };
		CEF2372C2284418D006DB6AC /* CPMyAccountViewController.swift in Sources */ = {isa = PBXBuildFile; fileRef = CEF2372B2284418D006DB6AC /* CPMyAccountViewController.swift */; };
		CEF2372E22844423006DB6AC /* CPEditAccountViewController.swift in Sources */ = {isa = PBXBuildFile; fileRef = CEF2372D22844423006DB6AC /* CPEditAccountViewController.swift */; };
		CEF23731228552C9006DB6AC /* PercistanceService.swift in Sources */ = {isa = PBXBuildFile; fileRef = CEF23730228552C9006DB6AC /* PercistanceService.swift */; };
		CEF2374B228557C1006DB6AC /* CPUserProfile.swift in Sources */ = {isa = PBXBuildFile; fileRef = CEF2374A228557C1006DB6AC /* CPUserProfile.swift */; };
		CEF2375222858DE4006DB6AC /* NFC.storyboard in Resources */ = {isa = PBXBuildFile; fileRef = CEF2375122858DE4006DB6AC /* NFC.storyboard */; };
		CEF2375422858FF4006DB6AC /* CPNfcViewController.swift in Sources */ = {isa = PBXBuildFile; fileRef = CEF2375322858FF4006DB6AC /* CPNfcViewController.swift */; };
		CEF23757228597E9006DB6AC /* Inbox.storyboard in Resources */ = {isa = PBXBuildFile; fileRef = CEF23756228597E9006DB6AC /* Inbox.storyboard */; };
		CEF23759228598E4006DB6AC /* CPInboxViewController.swift in Sources */ = {isa = PBXBuildFile; fileRef = CEF23758228598E4006DB6AC /* CPInboxViewController.swift */; };
		CEF2375B228599AA006DB6AC /* CPRemovePopupViewController.swift in Sources */ = {isa = PBXBuildFile; fileRef = CEF2375A228599AA006DB6AC /* CPRemovePopupViewController.swift */; };
		CEF2375D22859A0C006DB6AC /* CPInboxCollectionViewCell.swift in Sources */ = {isa = PBXBuildFile; fileRef = CEF2375C22859A0C006DB6AC /* CPInboxCollectionViewCell.swift */; };
/* End PBXBuildFile section */

/* Begin PBXContainerItemProxy section */
		CE54A1962278012300C4BEE1 /* PBXContainerItemProxy */ = {
			isa = PBXContainerItemProxy;
			containerPortal = CE54A1762278012200C4BEE1 /* Project object */;
			proxyType = 1;
			remoteGlobalIDString = CE54A17D2278012200C4BEE1;
			remoteInfo = Truverus;
		};
		CE54A1A12278012300C4BEE1 /* PBXContainerItemProxy */ = {
			isa = PBXContainerItemProxy;
			containerPortal = CE54A1762278012200C4BEE1 /* Project object */;
			proxyType = 1;
			remoteGlobalIDString = CE54A17D2278012200C4BEE1;
			remoteInfo = Truverus;
		};
/* End PBXContainerItemProxy section */

/* Begin PBXFileReference section */
		5E56E34A7933A4FBFE8F88BB /* Pods_Truverus.framework */ = {isa = PBXFileReference; explicitFileType = wrapper.framework; includeInIndex = 0; path = Pods_Truverus.framework; sourceTree = BUILT_PRODUCTS_DIR; };
		79270D05B946BDC3E1A965AE /* Pods-Truverus.debug.xcconfig */ = {isa = PBXFileReference; includeInIndex = 1; lastKnownFileType = text.xcconfig; name = "Pods-Truverus.debug.xcconfig"; path = "Target Support Files/Pods-Truverus/Pods-Truverus.debug.xcconfig"; sourceTree = "<group>"; };
		CE15AA56228006B700881C8E /* BaseViewController.swift */ = {isa = PBXFileReference; fileEncoding = 4; lastKnownFileType = sourcecode.swift; path = BaseViewController.swift; sourceTree = "<group>"; };
		CE15AA5922803E2100881C8E /* CPSocialSignInHelper.swift */ = {isa = PBXFileReference; lastKnownFileType = sourcecode.swift; path = CPSocialSignInHelper.swift; sourceTree = "<group>"; };
		CE4C3A7E227DB393004443A2 /* CPMenuView.storyboard */ = {isa = PBXFileReference; fileEncoding = 4; lastKnownFileType = file.storyboard; path = CPMenuView.storyboard; sourceTree = "<group>"; };
		CE4C3A7F227DB393004443A2 /* CPShareAppTableViewCell.xib */ = {isa = PBXFileReference; fileEncoding = 4; lastKnownFileType = file.xib; path = CPShareAppTableViewCell.xib; sourceTree = "<group>"; };
		CE4C3A80227DB393004443A2 /* CPShareAppTableViewCell.swift */ = {isa = PBXFileReference; fileEncoding = 4; lastKnownFileType = sourcecode.swift; path = CPShareAppTableViewCell.swift; sourceTree = "<group>"; };
		CE4C3A81227DB393004443A2 /* CPMenuTableViewCell.swift */ = {isa = PBXFileReference; fileEncoding = 4; lastKnownFileType = sourcecode.swift; path = CPMenuTableViewCell.swift; sourceTree = "<group>"; };
		CE4C3A82227DB393004443A2 /* CPMenuViewController.swift */ = {isa = PBXFileReference; fileEncoding = 4; lastKnownFileType = sourcecode.swift; path = CPMenuViewController.swift; sourceTree = "<group>"; };
		CE4C3A84227DB393004443A2 /* CPHomeViewController.swift */ = {isa = PBXFileReference; fileEncoding = 4; lastKnownFileType = sourcecode.swift; path = CPHomeViewController.swift; sourceTree = "<group>"; };
		CE4C3A85227DB393004443A2 /* CPHomeView.storyboard */ = {isa = PBXFileReference; fileEncoding = 4; lastKnownFileType = file.storyboard; path = CPHomeView.storyboard; sourceTree = "<group>"; };
		CE4C3A87227DB393004443A2 /* CPLogin.storyboard */ = {isa = PBXFileReference; fileEncoding = 4; lastKnownFileType = file.storyboard; path = CPLogin.storyboard; sourceTree = "<group>"; };
		CE4C3A88227DB393004443A2 /* CPSignUpViewController.swift */ = {isa = PBXFileReference; fileEncoding = 4; lastKnownFileType = sourcecode.swift; path = CPSignUpViewController.swift; sourceTree = "<group>"; };
		CE4C3A89227DB393004443A2 /* CPLoginViewController.swift */ = {isa = PBXFileReference; fileEncoding = 4; lastKnownFileType = sourcecode.swift; path = CPLoginViewController.swift; sourceTree = "<group>"; };
		CE54A17E2278012200C4BEE1 /* Truverus.app */ = {isa = PBXFileReference; explicitFileType = wrapper.application; includeInIndex = 0; path = Truverus.app; sourceTree = BUILT_PRODUCTS_DIR; };
		CE54A1812278012200C4BEE1 /* AppDelegate.swift */ = {isa = PBXFileReference; lastKnownFileType = sourcecode.swift; path = AppDelegate.swift; sourceTree = "<group>"; };
		CE54A1832278012200C4BEE1 /* ViewController.swift */ = {isa = PBXFileReference; lastKnownFileType = sourcecode.swift; path = ViewController.swift; sourceTree = "<group>"; };
		CE54A1892278012200C4BEE1 /* Truverus.xcdatamodel */ = {isa = PBXFileReference; lastKnownFileType = wrapper.xcdatamodel; path = Truverus.xcdatamodel; sourceTree = "<group>"; };
		CE54A18B2278012300C4BEE1 /* Assets.xcassets */ = {isa = PBXFileReference; lastKnownFileType = folder.assetcatalog; path = Assets.xcassets; sourceTree = "<group>"; };
		CE54A18E2278012300C4BEE1 /* Base */ = {isa = PBXFileReference; lastKnownFileType = file.storyboard; name = Base; path = Base.lproj/LaunchScreen.storyboard; sourceTree = "<group>"; };
		CE54A1902278012300C4BEE1 /* Info.plist */ = {isa = PBXFileReference; lastKnownFileType = text.plist.xml; path = Info.plist; sourceTree = "<group>"; };
		CE54A1952278012300C4BEE1 /* TruverusTests.xctest */ = {isa = PBXFileReference; explicitFileType = wrapper.cfbundle; includeInIndex = 0; path = TruverusTests.xctest; sourceTree = BUILT_PRODUCTS_DIR; };
		CE54A1992278012300C4BEE1 /* TruverusTests.swift */ = {isa = PBXFileReference; lastKnownFileType = sourcecode.swift; path = TruverusTests.swift; sourceTree = "<group>"; };
		CE54A19B2278012300C4BEE1 /* Info.plist */ = {isa = PBXFileReference; lastKnownFileType = text.plist.xml; path = Info.plist; sourceTree = "<group>"; };
		CE54A1A02278012300C4BEE1 /* TruverusUITests.xctest */ = {isa = PBXFileReference; explicitFileType = wrapper.cfbundle; includeInIndex = 0; path = TruverusUITests.xctest; sourceTree = BUILT_PRODUCTS_DIR; };
		CE54A1A42278012300C4BEE1 /* TruverusUITests.swift */ = {isa = PBXFileReference; lastKnownFileType = sourcecode.swift; path = TruverusUITests.swift; sourceTree = "<group>"; };
		CE54A1A62278012300C4BEE1 /* Info.plist */ = {isa = PBXFileReference; lastKnownFileType = text.plist.xml; path = Info.plist; sourceTree = "<group>"; };
		CE54A1B422780BC700C4BEE1 /* Trade Gothic LT Bold Oblique.ttf */ = {isa = PBXFileReference; lastKnownFileType = file; path = "Trade Gothic LT Bold Oblique.ttf"; sourceTree = "<group>"; };
		CE54A1B522780BC700C4BEE1 /* Trade Gothic LT Light.ttf */ = {isa = PBXFileReference; lastKnownFileType = file; path = "Trade Gothic LT Light.ttf"; sourceTree = "<group>"; };
		CE54A1B622780BC700C4BEE1 /* AvenirNextLTPro-Cn.otf */ = {isa = PBXFileReference; lastKnownFileType = file; path = "AvenirNextLTPro-Cn.otf"; sourceTree = "<group>"; };
		CE54A1B722780BC700C4BEE1 /* Trade Gothic LT Bold No. 2.ttf */ = {isa = PBXFileReference; lastKnownFileType = file; path = "Trade Gothic LT Bold No. 2.ttf"; sourceTree = "<group>"; };
		CE54A1B822780BC700C4BEE1 /* AvenirNextLTPro-DemiCnIt.otf */ = {isa = PBXFileReference; lastKnownFileType = file; path = "AvenirNextLTPro-DemiCnIt.otf"; sourceTree = "<group>"; };
		CE54A1B922780BC700C4BEE1 /* AvenirNextLTPro-Demi.otf */ = {isa = PBXFileReference; lastKnownFileType = file; path = "AvenirNextLTPro-Demi.otf"; sourceTree = "<group>"; };
		CE54A1BA22780BC700C4BEE1 /* AvenirNextLTPro-CnIt.otf */ = {isa = PBXFileReference; lastKnownFileType = file; path = "AvenirNextLTPro-CnIt.otf"; sourceTree = "<group>"; };
		CE54A1BB22780BC700C4BEE1 /* Trade Gothic LT Bold.ttf */ = {isa = PBXFileReference; lastKnownFileType = file; path = "Trade Gothic LT Bold.ttf"; sourceTree = "<group>"; };
		CE54A1BC22780BC700C4BEE1 /* Trade Gothic LT.ttf */ = {isa = PBXFileReference; lastKnownFileType = file; path = "Trade Gothic LT.ttf"; sourceTree = "<group>"; };
		CE54A1BD22780BC700C4BEE1 /* AvenirNextLTPro-BoldCn.otf */ = {isa = PBXFileReference; lastKnownFileType = file; path = "AvenirNextLTPro-BoldCn.otf"; sourceTree = "<group>"; };
		CE54A1BE22780BC700C4BEE1 /* AvenirNextLTPro-DemiCn.otf */ = {isa = PBXFileReference; lastKnownFileType = file; path = "AvenirNextLTPro-DemiCn.otf"; sourceTree = "<group>"; };
		CE54A1BF22780BC700C4BEE1 /* AvenirNextLTPro-BoldCnIt.otf */ = {isa = PBXFileReference; lastKnownFileType = file; path = "AvenirNextLTPro-BoldCnIt.otf"; sourceTree = "<group>"; };
		CE54A1C022780BC700C4BEE1 /* Trade Gothic LT Extended.ttf */ = {isa = PBXFileReference; lastKnownFileType = file; path = "Trade Gothic LT Extended.ttf"; sourceTree = "<group>"; };
		CE54A1C122780BC700C4BEE1 /* AvenirNextLTPro-Bold.otf */ = {isa = PBXFileReference; lastKnownFileType = file; path = "AvenirNextLTPro-Bold.otf"; sourceTree = "<group>"; };
		CE54A1C222780BC700C4BEE1 /* AvenirNextLTPro-UltLtCn.otf */ = {isa = PBXFileReference; lastKnownFileType = file; path = "AvenirNextLTPro-UltLtCn.otf"; sourceTree = "<group>"; };
		CE54A1C322780BC700C4BEE1 /* Trade Gothic LT Bold Extended.ttf */ = {isa = PBXFileReference; lastKnownFileType = file; path = "Trade Gothic LT Bold Extended.ttf"; sourceTree = "<group>"; };
		CE54A1C422780BC700C4BEE1 /* Trade Gothic LT Light Oblique.ttf */ = {isa = PBXFileReference; lastKnownFileType = file; path = "Trade Gothic LT Light Oblique.ttf"; sourceTree = "<group>"; };
		CE54A1C522780BC700C4BEE1 /* Trade Gothic LT Oblique.ttf */ = {isa = PBXFileReference; lastKnownFileType = file; path = "Trade Gothic LT Oblique.ttf"; sourceTree = "<group>"; };
		CE54A1C622780BC700C4BEE1 /* AvenirNextLTPro-UltLtCnIt.otf */ = {isa = PBXFileReference; lastKnownFileType = file; path = "AvenirNextLTPro-UltLtCnIt.otf"; sourceTree = "<group>"; };
		CE54A1C722780BC700C4BEE1 /* AvenirNextLTPro-It.otf */ = {isa = PBXFileReference; lastKnownFileType = file; path = "AvenirNextLTPro-It.otf"; sourceTree = "<group>"; };
		CE54A1C822780BC700C4BEE1 /* AvenirNextLTPro-MediumCnIt.otf */ = {isa = PBXFileReference; lastKnownFileType = file; path = "AvenirNextLTPro-MediumCnIt.otf"; sourceTree = "<group>"; };
		CE54A1C922780BC700C4BEE1 /* AvenirNextLTPro-HeavyCn.otf */ = {isa = PBXFileReference; lastKnownFileType = file; path = "AvenirNextLTPro-HeavyCn.otf"; sourceTree = "<group>"; };
		CE54A1CA22780BC700C4BEE1 /* AvenirNextLTPro-MediumCn.otf */ = {isa = PBXFileReference; lastKnownFileType = file; path = "AvenirNextLTPro-MediumCn.otf"; sourceTree = "<group>"; };
		CE54A1CB22780BC700C4BEE1 /* Trade Gothic LT Bold No. 2 Oblique.ttf */ = {isa = PBXFileReference; lastKnownFileType = file; path = "Trade Gothic LT Bold No. 2 Oblique.ttf"; sourceTree = "<group>"; };
		CE54A1CC22780BC700C4BEE1 /* AvenirNextLTPro-HeavyCnIt.otf */ = {isa = PBXFileReference; lastKnownFileType = file; path = "AvenirNextLTPro-HeavyCnIt.otf"; sourceTree = "<group>"; };
		CE54A1CD22780BC700C4BEE1 /* AvenirNextLTPro-Regular.otf */ = {isa = PBXFileReference; lastKnownFileType = file; path = "AvenirNextLTPro-Regular.otf"; sourceTree = "<group>"; };
		CE54A1CE22780BC700C4BEE1 /* AvenirNextLTPro-DemiIt.otf */ = {isa = PBXFileReference; lastKnownFileType = file; path = "AvenirNextLTPro-DemiIt.otf"; sourceTree = "<group>"; };
		CE54A1F1227811AE00C4BEE1 /* CPCustomSegmentedControll.swift */ = {isa = PBXFileReference; lastKnownFileType = sourcecode.swift; path = CPCustomSegmentedControll.swift; sourceTree = "<group>"; };
		CE54A1F4227813EE00C4BEE1 /* Base */ = {isa = PBXFileReference; lastKnownFileType = file.storyboard; name = Base; path = Base.lproj/Main.storyboard; sourceTree = "<group>"; };
		CE54A1FB22784E4300C4BEE1 /* CPCommon.swift */ = {isa = PBXFileReference; lastKnownFileType = sourcecode.swift; path = CPCommon.swift; sourceTree = "<group>"; };
		CE54A204227AB2C200C4BEE1 /* CPUiViewTransitions.swift */ = {isa = PBXFileReference; lastKnownFileType = sourcecode.swift; path = CPUiViewTransitions.swift; sourceTree = "<group>"; };
		CE54A206227AC45D00C4BEE1 /* CPSlideInTransition.swift */ = {isa = PBXFileReference; lastKnownFileType = sourcecode.swift; path = CPSlideInTransition.swift; sourceTree = "<group>"; };
		CE74F9D32281525D0009ABCD /* FBSDKLoginKit.framework */ = {isa = PBXFileReference; lastKnownFileType = wrapper.framework; path = FBSDKLoginKit.framework; sourceTree = "<group>"; };
		CE74F9D42281525F0009ABCD /* FBSDKCoreKit.framework */ = {isa = PBXFileReference; lastKnownFileType = wrapper.framework; path = FBSDKCoreKit.framework; sourceTree = "<group>"; };
		CE74F9D9228196E80009ABCD /* credentials.plist */ = {isa = PBXFileReference; fileEncoding = 4; lastKnownFileType = text.plist.xml; path = credentials.plist; sourceTree = "<group>"; };
		CEE911A42289311D0000F3EE /* CPCommunity.storyboard */ = {isa = PBXFileReference; lastKnownFileType = file.storyboard; path = CPCommunity.storyboard; sourceTree = "<group>"; };
		CEE911A922893E3F0000F3EE /* CPCommunityHomeViewController.swift */ = {isa = PBXFileReference; lastKnownFileType = sourcecode.swift; path = CPCommunityHomeViewController.swift; sourceTree = "<group>"; };
		CEE911AB22893F1E0000F3EE /* CPFeedbackViewController.swift */ = {isa = PBXFileReference; lastKnownFileType = sourcecode.swift; path = CPFeedbackViewController.swift; sourceTree = "<group>"; };
		CEE911AD22893F480000F3EE /* CPPromotionsViewController.swift */ = {isa = PBXFileReference; lastKnownFileType = sourcecode.swift; path = CPPromotionsViewController.swift; sourceTree = "<group>"; };
		CEE911AF22893F6A0000F3EE /* CPEventsViewController.swift */ = {isa = PBXFileReference; lastKnownFileType = sourcecode.swift; path = CPEventsViewController.swift; sourceTree = "<group>"; };
		CEE911B1228940850000F3EE /* CPFeedbackCollectionViewCell.swift */ = {isa = PBXFileReference; lastKnownFileType = sourcecode.swift; path = CPFeedbackCollectionViewCell.swift; sourceTree = "<group>"; };
		CEE911B32289409A0000F3EE /* CPPromotionCollectionViewCell.swift */ = {isa = PBXFileReference; lastKnownFileType = sourcecode.swift; path = CPPromotionCollectionViewCell.swift; sourceTree = "<group>"; };
		CEE911B5228940AD0000F3EE /* CPEventCollectionViewCell.swift */ = {isa = PBXFileReference; lastKnownFileType = sourcecode.swift; path = CPEventCollectionViewCell.swift; sourceTree = "<group>"; };
		CEE911B7228943BF0000F3EE /* CPFeedbackSubViewController.swift */ = {isa = PBXFileReference; lastKnownFileType = sourcecode.swift; path = CPFeedbackSubViewController.swift; sourceTree = "<group>"; };
		CEE911B9228943D20000F3EE /* CPPromotionSubviewViewController.swift */ = {isa = PBXFileReference; lastKnownFileType = sourcecode.swift; path = CPPromotionSubviewViewController.swift; sourceTree = "<group>"; };
		CEE911BB228943E70000F3EE /* CPEventSubViewController.swift */ = {isa = PBXFileReference; lastKnownFileType = sourcecode.swift; path = CPEventSubViewController.swift; sourceTree = "<group>"; };
		CEE911BD228944440000F3EE /* RatingController.swift */ = {isa = PBXFileReference; lastKnownFileType = sourcecode.swift; path = RatingController.swift; sourceTree = "<group>"; };
		CEE911C022894FA90000F3EE /* Settings.storyboard */ = {isa = PBXFileReference; lastKnownFileType = file.storyboard; path = Settings.storyboard; sourceTree = "<group>"; };
		CEE911C22289552C0000F3EE /* CPSettingsViewController.swift */ = {isa = PBXFileReference; lastKnownFileType = sourcecode.swift; path = CPSettingsViewController.swift; sourceTree = "<group>"; };
		CEE911C4228955460000F3EE /* CPSettingsTableViewCell.swift */ = {isa = PBXFileReference; lastKnownFileType = sourcecode.swift; path = CPSettingsTableViewCell.swift; sourceTree = "<group>"; };
		CEE911C722897E700000F3EE /* ManageLocation.storyboard */ = {isa = PBXFileReference; lastKnownFileType = file.storyboard; path = ManageLocation.storyboard; sourceTree = "<group>"; };
		CEE911C922898A390000F3EE /* CPMapViewController.swift */ = {isa = PBXFileReference; lastKnownFileType = sourcecode.swift; path = CPMapViewController.swift; sourceTree = "<group>"; };
		CEE911CB228A98B10000F3EE /* Truverus.entitlements */ = {isa = PBXFileReference; lastKnownFileType = text.plist.entitlements; path = Truverus.entitlements; sourceTree = "<group>"; };
		CEE911CD228BE4E90000F3EE /* CPAPIManager.swift */ = {isa = PBXFileReference; lastKnownFileType = sourcecode.swift; path = CPAPIManager.swift; sourceTree = "<group>"; };
		CEE911CF228BE5CE0000F3EE /* CPConstants.swift */ = {isa = PBXFileReference; lastKnownFileType = sourcecode.swift; path = CPConstants.swift; sourceTree = "<group>"; };
		CEE911D1228C0A630000F3EE /* CPScanViewModel.swift */ = {isa = PBXFileReference; lastKnownFileType = sourcecode.swift; path = CPScanViewModel.swift; sourceTree = "<group>"; };
		CEE911D3228C0AB20000F3EE /* CPHelper.swift */ = {isa = PBXFileReference; lastKnownFileType = sourcecode.swift; path = CPHelper.swift; sourceTree = "<group>"; };
		CEE91202228EA5730000F3EE /* ApiManager.swift */ = {isa = PBXFileReference; lastKnownFileType = sourcecode.swift; path = ApiManager.swift; sourceTree = "<group>"; };
		CEE91204228EA58A0000F3EE /* ResponseError.swift */ = {isa = PBXFileReference; lastKnownFileType = sourcecode.swift; path = ResponseError.swift; sourceTree = "<group>"; };
		CEE91206228EA5990000F3EE /* UrlConstans.swift */ = {isa = PBXFileReference; lastKnownFileType = sourcecode.swift; path = UrlConstans.swift; sourceTree = "<group>"; };
		CEE91209228EA6F80000F3EE /* SocialUserLogin.swift */ = {isa = PBXFileReference; lastKnownFileType = sourcecode.swift; path = SocialUserLogin.swift; sourceTree = "<group>"; };
		CEF2370B2282A1A5006DB6AC /* CPParallaxTableView.swift */ = {isa = PBXFileReference; lastKnownFileType = sourcecode.swift; path = CPParallaxTableView.swift; sourceTree = "<group>"; };
		CEF2370D2282A5E6006DB6AC /* CPProductScreenViewController.swift */ = {isa = PBXFileReference; lastKnownFileType = sourcecode.swift; path = CPProductScreenViewController.swift; sourceTree = "<group>"; };
		CEF2370F2282A60F006DB6AC /* CPCustomTableViewCell.swift */ = {isa = PBXFileReference; lastKnownFileType = sourcecode.swift; path = CPCustomTableViewCell.swift; sourceTree = "<group>"; };
		CEF237122282CE70006DB6AC /* CPMyCollectionScreenViewController.swift */ = {isa = PBXFileReference; lastKnownFileType = sourcecode.swift; path = CPMyCollectionScreenViewController.swift; sourceTree = "<group>"; };
		CEF237152282D6D8006DB6AC /* CPCollectionViewController.swift */ = {isa = PBXFileReference; lastKnownFileType = sourcecode.swift; path = CPCollectionViewController.swift; sourceTree = "<group>"; };
		CEF237172282D76E006DB6AC /* CPCollectionTabCollectionViewCell.swift */ = {isa = PBXFileReference; lastKnownFileType = sourcecode.swift; path = CPCollectionTabCollectionViewCell.swift; sourceTree = "<group>"; };
		CEF2371A2283F70E006DB6AC /* CPPendingListViewController.swift */ = {isa = PBXFileReference; lastKnownFileType = sourcecode.swift; path = CPPendingListViewController.swift; sourceTree = "<group>"; };
		CEF2371C2283F72D006DB6AC /* CPPendingCollectionViewCell.swift */ = {isa = PBXFileReference; lastKnownFileType = sourcecode.swift; path = CPPendingCollectionViewCell.swift; sourceTree = "<group>"; };
		CEF2371F22841BF5006DB6AC /* CPRequestsViewController.swift */ = {isa = PBXFileReference; lastKnownFileType = sourcecode.swift; path = CPRequestsViewController.swift; sourceTree = "<group>"; };
		CEF2372122841C21006DB6AC /* CPRequestsCollectionViewCell.swift */ = {isa = PBXFileReference; lastKnownFileType = sourcecode.swift; path = CPRequestsCollectionViewCell.swift; sourceTree = "<group>"; };
		CEF2372422842564006DB6AC /* CPTransferViewController.swift */ = {isa = PBXFileReference; lastKnownFileType = sourcecode.swift; path = CPTransferViewController.swift; sourceTree = "<group>"; };
		CEF2372622842595006DB6AC /* Transfer.storyboard */ = {isa = PBXFileReference; lastKnownFileType = file.storyboard; path = Transfer.storyboard; sourceTree = "<group>"; };
		CEF23729228440A6006DB6AC /* MyAccount.storyboard */ = {isa = PBXFileReference; lastKnownFileType = file.storyboard; path = MyAccount.storyboard; sourceTree = "<group>"; };
		CEF2372B2284418D006DB6AC /* CPMyAccountViewController.swift */ = {isa = PBXFileReference; lastKnownFileType = sourcecode.swift; path = CPMyAccountViewController.swift; sourceTree = "<group>"; };
		CEF2372D22844423006DB6AC /* CPEditAccountViewController.swift */ = {isa = PBXFileReference; lastKnownFileType = sourcecode.swift; path = CPEditAccountViewController.swift; sourceTree = "<group>"; };
		CEF23730228552C9006DB6AC /* PercistanceService.swift */ = {isa = PBXFileReference; lastKnownFileType = sourcecode.swift; path = PercistanceService.swift; sourceTree = "<group>"; };
		CEF2374A228557C1006DB6AC /* CPUserProfile.swift */ = {isa = PBXFileReference; lastKnownFileType = sourcecode.swift; path = CPUserProfile.swift; sourceTree = "<group>"; };
		CEF2375122858DE4006DB6AC /* NFC.storyboard */ = {isa = PBXFileReference; lastKnownFileType = file.storyboard; path = NFC.storyboard; sourceTree = "<group>"; };
		CEF2375322858FF4006DB6AC /* CPNfcViewController.swift */ = {isa = PBXFileReference; lastKnownFileType = sourcecode.swift; path = CPNfcViewController.swift; sourceTree = "<group>"; };
		CEF23756228597E9006DB6AC /* Inbox.storyboard */ = {isa = PBXFileReference; lastKnownFileType = file.storyboard; path = Inbox.storyboard; sourceTree = "<group>"; };
		CEF23758228598E4006DB6AC /* CPInboxViewController.swift */ = {isa = PBXFileReference; lastKnownFileType = sourcecode.swift; path = CPInboxViewController.swift; sourceTree = "<group>"; };
		CEF2375A228599AA006DB6AC /* CPRemovePopupViewController.swift */ = {isa = PBXFileReference; lastKnownFileType = sourcecode.swift; path = CPRemovePopupViewController.swift; sourceTree = "<group>"; };
		CEF2375C22859A0C006DB6AC /* CPInboxCollectionViewCell.swift */ = {isa = PBXFileReference; lastKnownFileType = sourcecode.swift; path = CPInboxCollectionViewCell.swift; sourceTree = "<group>"; };
		D53D24A0A870DEAE7A3BF2C6 /* Pods-Truverus.release.xcconfig */ = {isa = PBXFileReference; includeInIndex = 1; lastKnownFileType = text.xcconfig; name = "Pods-Truverus.release.xcconfig"; path = "Target Support Files/Pods-Truverus/Pods-Truverus.release.xcconfig"; sourceTree = "<group>"; };
/* End PBXFileReference section */

/* Begin PBXFrameworksBuildPhase section */
		CE54A17B2278012200C4BEE1 /* Frameworks */ = {
			isa = PBXFrameworksBuildPhase;
			buildActionMask = 2147483647;
			files = (
				CE74F9D52281525F0009ABCD /* FBSDKLoginKit.framework in Frameworks */,
				CE74F9D62281525F0009ABCD /* FBSDKCoreKit.framework in Frameworks */,
				454A580AF15DF81C903B50A2 /* Pods_Truverus.framework in Frameworks */,
			);
			runOnlyForDeploymentPostprocessing = 0;
		};
		CE54A1922278012300C4BEE1 /* Frameworks */ = {
			isa = PBXFrameworksBuildPhase;
			buildActionMask = 2147483647;
			files = (
			);
			runOnlyForDeploymentPostprocessing = 0;
		};
		CE54A19D2278012300C4BEE1 /* Frameworks */ = {
			isa = PBXFrameworksBuildPhase;
			buildActionMask = 2147483647;
			files = (
			);
			runOnlyForDeploymentPostprocessing = 0;
		};
/* End PBXFrameworksBuildPhase section */

/* Begin PBXGroup section */
		3685AA14C0FC03635E6C0AD1 /* Frameworks */ = {
			isa = PBXGroup;
			children = (
				5E56E34A7933A4FBFE8F88BB /* Pods_Truverus.framework */,
			);
			name = Frameworks;
			sourceTree = "<group>";
		};
		9B7D16E947C5C418FE1CA626 /* Pods */ = {
			isa = PBXGroup;
			children = (
				79270D05B946BDC3E1A965AE /* Pods-Truverus.debug.xcconfig */,
				D53D24A0A870DEAE7A3BF2C6 /* Pods-Truverus.release.xcconfig */,
			);
			path = Pods;
			sourceTree = "<group>";
		};
		CE15AA5822803DDD00881C8E /* CPHelper */ = {
			isa = PBXGroup;
			children = (
				CE15AA5922803E2100881C8E /* CPSocialSignInHelper.swift */,
				CEF2374A228557C1006DB6AC /* CPUserProfile.swift */,
				CEE911CF228BE5CE0000F3EE /* CPConstants.swift */,
				CEE911D3228C0AB20000F3EE /* CPHelper.swift */,
			);
			path = CPHelper;
			sourceTree = "<group>";
		};
		CE4C3A7B227DB393004443A2 /* CPViewControllers */ = {
			isa = PBXGroup;
			children = (
				CEE911BF22894EC90000F3EE /* CPSettings */,
				CEE911A3228930D00000F3EE /* CPCommunity */,
				CEF23755228597D1006DB6AC /* CPInbox */,
				CEF2375022858DC6006DB6AC /* CPNfc */,
				CEF237282284408D006DB6AC /* CPMyAccount */,
				CE4C3A7D227DB393004443A2 /* CPMenuView */,
				CE4C3A83227DB393004443A2 /* CPHomeView */,
				CE4C3A86227DB393004443A2 /* CPLoginView */,
			);
			path = CPViewControllers;
			sourceTree = "<group>";
		};
		CE4C3A7D227DB393004443A2 /* CPMenuView */ = {
			isa = PBXGroup;
			children = (
				CE4C3A7E227DB393004443A2 /* CPMenuView.storyboard */,
				CE4C3A7F227DB393004443A2 /* CPShareAppTableViewCell.xib */,
				CE4C3A80227DB393004443A2 /* CPShareAppTableViewCell.swift */,
				CE4C3A81227DB393004443A2 /* CPMenuTableViewCell.swift */,
				CE4C3A82227DB393004443A2 /* CPMenuViewController.swift */,
			);
			path = CPMenuView;
			sourceTree = "<group>";
		};
		CE4C3A83227DB393004443A2 /* CPHomeView */ = {
			isa = PBXGroup;
			children = (
				CEF237112282CD68006DB6AC /* CPMycollectionView */,
				CEF2370A2282A169006DB6AC /* CPProductView */,
				CE4C3A84227DB393004443A2 /* CPHomeViewController.swift */,
				CE4C3A85227DB393004443A2 /* CPHomeView.storyboard */,
			);
			path = CPHomeView;
			sourceTree = "<group>";
		};
		CE4C3A86227DB393004443A2 /* CPLoginView */ = {
			isa = PBXGroup;
			children = (
				CE4C3A87227DB393004443A2 /* CPLogin.storyboard */,
				CE4C3A88227DB393004443A2 /* CPSignUpViewController.swift */,
				CE4C3A89227DB393004443A2 /* CPLoginViewController.swift */,
			);
			path = CPLoginView;
			sourceTree = "<group>";
		};
		CE54A1752278012200C4BEE1 = {
			isa = PBXGroup;
			children = (
				CE54A1802278012200C4BEE1 /* Truverus */,
				CE54A1982278012300C4BEE1 /* TruverusTests */,
				CE54A1A32278012300C4BEE1 /* TruverusUITests */,
				CE54A17F2278012200C4BEE1 /* Products */,
				9B7D16E947C5C418FE1CA626 /* Pods */,
				3685AA14C0FC03635E6C0AD1 /* Frameworks */,
			);
			sourceTree = "<group>";
		};
		CE54A17F2278012200C4BEE1 /* Products */ = {
			isa = PBXGroup;
			children = (
				CE54A17E2278012200C4BEE1 /* Truverus.app */,
				CE54A1952278012300C4BEE1 /* TruverusTests.xctest */,
				CE54A1A02278012300C4BEE1 /* TruverusUITests.xctest */,
			);
			name = Products;
			sourceTree = "<group>";
		};
		CE54A1802278012200C4BEE1 /* Truverus */ = {
			isa = PBXGroup;
			children = (
				CEE911CB228A98B10000F3EE /* Truverus.entitlements */,
				CE54A1F02278119400C4BEE1 /* CPResources */,
				CEE911FF228EA52C0000F3EE /* CPNetworking */,
				CE15AA5822803DDD00881C8E /* CPHelper */,
				CEE911CC228BE4D20000F3EE /* Manager */,
				CE54A1B322780BC700C4BEE1 /* Fonts */,
				CE4C3A7B227DB393004443A2 /* CPViewControllers */,
				CE54A1812278012200C4BEE1 /* AppDelegate.swift */,
				CE54A1832278012200C4BEE1 /* ViewController.swift */,
				CE54A1F3227813EE00C4BEE1 /* Main.storyboard */,
				CE54A18B2278012300C4BEE1 /* Assets.xcassets */,
				CE54A18D2278012300C4BEE1 /* LaunchScreen.storyboard */,
				CE54A1902278012300C4BEE1 /* Info.plist */,
				CE74F9D9228196E80009ABCD /* credentials.plist */,
				CE54A1882278012200C4BEE1 /* Truverus.xcdatamodeld */,
				CE74F9D42281525F0009ABCD /* FBSDKCoreKit.framework */,
				CE74F9D32281525D0009ABCD /* FBSDKLoginKit.framework */,
			);
			path = Truverus;
			sourceTree = "<group>";
		};
		CE54A1982278012300C4BEE1 /* TruverusTests */ = {
			isa = PBXGroup;
			children = (
				CE54A1992278012300C4BEE1 /* TruverusTests.swift */,
				CE54A19B2278012300C4BEE1 /* Info.plist */,
			);
			path = TruverusTests;
			sourceTree = "<group>";
		};
		CE54A1A32278012300C4BEE1 /* TruverusUITests */ = {
			isa = PBXGroup;
			children = (
				CE54A1A42278012300C4BEE1 /* TruverusUITests.swift */,
				CE54A1A62278012300C4BEE1 /* Info.plist */,
			);
			path = TruverusUITests;
			sourceTree = "<group>";
		};
		CE54A1B322780BC700C4BEE1 /* Fonts */ = {
			isa = PBXGroup;
			children = (
				CE54A1B422780BC700C4BEE1 /* Trade Gothic LT Bold Oblique.ttf */,
				CE54A1B522780BC700C4BEE1 /* Trade Gothic LT Light.ttf */,
				CE54A1B622780BC700C4BEE1 /* AvenirNextLTPro-Cn.otf */,
				CE54A1B722780BC700C4BEE1 /* Trade Gothic LT Bold No. 2.ttf */,
				CE54A1B822780BC700C4BEE1 /* AvenirNextLTPro-DemiCnIt.otf */,
				CE54A1B922780BC700C4BEE1 /* AvenirNextLTPro-Demi.otf */,
				CE54A1BA22780BC700C4BEE1 /* AvenirNextLTPro-CnIt.otf */,
				CE54A1BB22780BC700C4BEE1 /* Trade Gothic LT Bold.ttf */,
				CE54A1BC22780BC700C4BEE1 /* Trade Gothic LT.ttf */,
				CE54A1BD22780BC700C4BEE1 /* AvenirNextLTPro-BoldCn.otf */,
				CE54A1BE22780BC700C4BEE1 /* AvenirNextLTPro-DemiCn.otf */,
				CE54A1BF22780BC700C4BEE1 /* AvenirNextLTPro-BoldCnIt.otf */,
				CE54A1C022780BC700C4BEE1 /* Trade Gothic LT Extended.ttf */,
				CE54A1C122780BC700C4BEE1 /* AvenirNextLTPro-Bold.otf */,
				CE54A1C222780BC700C4BEE1 /* AvenirNextLTPro-UltLtCn.otf */,
				CE54A1C322780BC700C4BEE1 /* Trade Gothic LT Bold Extended.ttf */,
				CE54A1C422780BC700C4BEE1 /* Trade Gothic LT Light Oblique.ttf */,
				CE54A1C522780BC700C4BEE1 /* Trade Gothic LT Oblique.ttf */,
				CE54A1C622780BC700C4BEE1 /* AvenirNextLTPro-UltLtCnIt.otf */,
				CE54A1C722780BC700C4BEE1 /* AvenirNextLTPro-It.otf */,
				CE54A1C822780BC700C4BEE1 /* AvenirNextLTPro-MediumCnIt.otf */,
				CE54A1C922780BC700C4BEE1 /* AvenirNextLTPro-HeavyCn.otf */,
				CE54A1CA22780BC700C4BEE1 /* AvenirNextLTPro-MediumCn.otf */,
				CE54A1CB22780BC700C4BEE1 /* Trade Gothic LT Bold No. 2 Oblique.ttf */,
				CE54A1CC22780BC700C4BEE1 /* AvenirNextLTPro-HeavyCnIt.otf */,
				CE54A1CD22780BC700C4BEE1 /* AvenirNextLTPro-Regular.otf */,
				CE54A1CE22780BC700C4BEE1 /* AvenirNextLTPro-DemiIt.otf */,
			);
			path = Fonts;
			sourceTree = "<group>";
		};
		CE54A1F02278119400C4BEE1 /* CPResources */ = {
			isa = PBXGroup;
			children = (
				CEF2372F228552A3006DB6AC /* CoreData */,
				CE15AA56228006B700881C8E /* BaseViewController.swift */,
				CE54A1F1227811AE00C4BEE1 /* CPCustomSegmentedControll.swift */,
				CE54A1FB22784E4300C4BEE1 /* CPCommon.swift */,
				CE54A204227AB2C200C4BEE1 /* CPUiViewTransitions.swift */,
				CE54A206227AC45D00C4BEE1 /* CPSlideInTransition.swift */,
				CEF2370B2282A1A5006DB6AC /* CPParallaxTableView.swift */,
			);
			path = CPResources;
			sourceTree = "<group>";
		};
		CEE911A3228930D00000F3EE /* CPCommunity */ = {
			isa = PBXGroup;
			children = (
				CEE911A822893DF10000F3EE /* Feedback */,
				CEE911A722893DE80000F3EE /* Promotion */,
				CEE911A622893DE00000F3EE /* Event */,
				CEE911A42289311D0000F3EE /* CPCommunity.storyboard */,
				CEE911A922893E3F0000F3EE /* CPCommunityHomeViewController.swift */,
			);
			path = CPCommunity;
			sourceTree = "<group>";
		};
		CEE911A622893DE00000F3EE /* Event */ = {
			isa = PBXGroup;
			children = (
				CEE911AF22893F6A0000F3EE /* CPEventsViewController.swift */,
				CEE911B5228940AD0000F3EE /* CPEventCollectionViewCell.swift */,
				CEE911BB228943E70000F3EE /* CPEventSubViewController.swift */,
			);
			path = Event;
			sourceTree = "<group>";
		};
		CEE911A722893DE80000F3EE /* Promotion */ = {
			isa = PBXGroup;
			children = (
				CEE911AD22893F480000F3EE /* CPPromotionsViewController.swift */,
				CEE911B32289409A0000F3EE /* CPPromotionCollectionViewCell.swift */,
				CEE911B9228943D20000F3EE /* CPPromotionSubviewViewController.swift */,
			);
			path = Promotion;
			sourceTree = "<group>";
		};
		CEE911A822893DF10000F3EE /* Feedback */ = {
			isa = PBXGroup;
			children = (
				CEE911AB22893F1E0000F3EE /* CPFeedbackViewController.swift */,
				CEE911B1228940850000F3EE /* CPFeedbackCollectionViewCell.swift */,
				CEE911B7228943BF0000F3EE /* CPFeedbackSubViewController.swift */,
				CEE911BD228944440000F3EE /* RatingController.swift */,
			);
			path = Feedback;
			sourceTree = "<group>";
		};
		CEE911BF22894EC90000F3EE /* CPSettings */ = {
			isa = PBXGroup;
			children = (
				CEE911C622897E350000F3EE /* Location */,
				CEE911C022894FA90000F3EE /* Settings.storyboard */,
				CEE911C22289552C0000F3EE /* CPSettingsViewController.swift */,
				CEE911C4228955460000F3EE /* CPSettingsTableViewCell.swift */,
			);
			path = CPSettings;
			sourceTree = "<group>";
		};
		CEE911C622897E350000F3EE /* Location */ = {
			isa = PBXGroup;
			children = (
				CEE911C722897E700000F3EE /* ManageLocation.storyboard */,
				CEE911C922898A390000F3EE /* CPMapViewController.swift */,
			);
			path = Location;
			sourceTree = "<group>";
		};
		CEE911CC228BE4D20000F3EE /* Manager */ = {
			isa = PBXGroup;
			children = (
				CEE911CD228BE4E90000F3EE /* CPAPIManager.swift */,
			);
			path = Manager;
			sourceTree = "<group>";
		};
		CEE911FF228EA52C0000F3EE /* CPNetworking */ = {
			isa = PBXGroup;
			children = (
				CEE91208228EA6E60000F3EE /* Models */,
				CEE91201228EA54D0000F3EE /* Networkservices */,
				CEE91200228EA5400000F3EE /* Management */,
			);
			path = CPNetworking;
			sourceTree = "<group>";
		};
		CEE91200228EA5400000F3EE /* Management */ = {
			isa = PBXGroup;
			children = (
				CEE91202228EA5730000F3EE /* ApiManager.swift */,
			);
			path = Management;
			sourceTree = "<group>";
		};
		CEE91201228EA54D0000F3EE /* Networkservices */ = {
			isa = PBXGroup;
			children = (
				CEE91204228EA58A0000F3EE /* ResponseError.swift */,
				CEE91206228EA5990000F3EE /* UrlConstans.swift */,
			);
			path = Networkservices;
			sourceTree = "<group>";
		};
		CEE91208228EA6E60000F3EE /* Models */ = {
			isa = PBXGroup;
			children = (
				CEE91209228EA6F80000F3EE /* SocialUserLogin.swift */,
			);
			path = Models;
			sourceTree = "<group>";
		};
		CEF2370A2282A169006DB6AC /* CPProductView */ = {
			isa = PBXGroup;
			children = (
				CEF2370D2282A5E6006DB6AC /* CPProductScreenViewController.swift */,
				CEF2370F2282A60F006DB6AC /* CPCustomTableViewCell.swift */,
			);
			path = CPProductView;
			sourceTree = "<group>";
		};
		CEF237112282CD68006DB6AC /* CPMycollectionView */ = {
			isa = PBXGroup;
			children = (
				CEF237122282CE70006DB6AC /* CPMyCollectionScreenViewController.swift */,
				CEF2371E22841A2C006DB6AC /* Requests */,
				CEF237142282D69A006DB6AC /* Collection */,
				CEF237192283F6BE006DB6AC /* PendingList */,
			);
			path = CPMycollectionView;
			sourceTree = "<group>";
		};
		CEF237142282D69A006DB6AC /* Collection */ = {
			isa = PBXGroup;
			children = (
				CEF237152282D6D8006DB6AC /* CPCollectionViewController.swift */,
				CEF237172282D76E006DB6AC /* CPCollectionTabCollectionViewCell.swift */,
				CEF2372322842539006DB6AC /* Transfer */,
			);
			path = Collection;
			sourceTree = "<group>";
		};
		CEF237192283F6BE006DB6AC /* PendingList */ = {
			isa = PBXGroup;
			children = (
				CEF2371A2283F70E006DB6AC /* CPPendingListViewController.swift */,
				CEF2371C2283F72D006DB6AC /* CPPendingCollectionViewCell.swift */,
			);
			path = PendingList;
			sourceTree = "<group>";
		};
		CEF2371E22841A2C006DB6AC /* Requests */ = {
			isa = PBXGroup;
			children = (
				CEF2371F22841BF5006DB6AC /* CPRequestsViewController.swift */,
				CEF2372122841C21006DB6AC /* CPRequestsCollectionViewCell.swift */,
			);
			path = Requests;
			sourceTree = "<group>";
		};
		CEF2372322842539006DB6AC /* Transfer */ = {
			isa = PBXGroup;
			children = (
				CEF2372422842564006DB6AC /* CPTransferViewController.swift */,
				CEF2372622842595006DB6AC /* Transfer.storyboard */,
			);
			path = Transfer;
			sourceTree = "<group>";
		};
		CEF237282284408D006DB6AC /* CPMyAccount */ = {
			isa = PBXGroup;
			children = (
				CEF23729228440A6006DB6AC /* MyAccount.storyboard */,
				CEF2372B2284418D006DB6AC /* CPMyAccountViewController.swift */,
				CEF2372D22844423006DB6AC /* CPEditAccountViewController.swift */,
			);
			path = CPMyAccount;
			sourceTree = "<group>";
		};
		CEF2372F228552A3006DB6AC /* CoreData */ = {
			isa = PBXGroup;
			children = (
				CEF23730228552C9006DB6AC /* PercistanceService.swift */,
			);
			path = CoreData;
			sourceTree = "<group>";
		};
		CEF2375022858DC6006DB6AC /* CPNfc */ = {
			isa = PBXGroup;
			children = (
				CEF2375122858DE4006DB6AC /* NFC.storyboard */,
				CEF2375322858FF4006DB6AC /* CPNfcViewController.swift */,
				CEE911D1228C0A630000F3EE /* CPScanViewModel.swift */,
			);
			path = CPNfc;
			sourceTree = "<group>";
		};
		CEF23755228597D1006DB6AC /* CPInbox */ = {
			isa = PBXGroup;
			children = (
				CEF23756228597E9006DB6AC /* Inbox.storyboard */,
				CEF23758228598E4006DB6AC /* CPInboxViewController.swift */,
				CEF2375A228599AA006DB6AC /* CPRemovePopupViewController.swift */,
				CEF2375C22859A0C006DB6AC /* CPInboxCollectionViewCell.swift */,
			);
			path = CPInbox;
			sourceTree = "<group>";
		};
/* End PBXGroup section */

/* Begin PBXNativeTarget section */
		CE54A17D2278012200C4BEE1 /* Truverus */ = {
			isa = PBXNativeTarget;
			buildConfigurationList = CE54A1A92278012300C4BEE1 /* Build configuration list for PBXNativeTarget "Truverus" */;
			buildPhases = (
				E828718182C04DA0261577E9 /* [CP] Check Pods Manifest.lock */,
				CE54A17A2278012200C4BEE1 /* Sources */,
				CE54A17B2278012200C4BEE1 /* Frameworks */,
				CE54A17C2278012200C4BEE1 /* Resources */,
				CECD131D28862467D4875902 /* [CP] Embed Pods Frameworks */,
				4211530341003D24B0FE18F1 /* [CP] Copy Pods Resources */,
			);
			buildRules = (
			);
			dependencies = (
			);
			name = Truverus;
			productName = Truverus;
			productReference = CE54A17E2278012200C4BEE1 /* Truverus.app */;
			productType = "com.apple.product-type.application";
		};
		CE54A1942278012300C4BEE1 /* TruverusTests */ = {
			isa = PBXNativeTarget;
			buildConfigurationList = CE54A1AC2278012300C4BEE1 /* Build configuration list for PBXNativeTarget "TruverusTests" */;
			buildPhases = (
				CE54A1912278012300C4BEE1 /* Sources */,
				CE54A1922278012300C4BEE1 /* Frameworks */,
				CE54A1932278012300C4BEE1 /* Resources */,
			);
			buildRules = (
			);
			dependencies = (
				CE54A1972278012300C4BEE1 /* PBXTargetDependency */,
			);
			name = TruverusTests;
			productName = TruverusTests;
			productReference = CE54A1952278012300C4BEE1 /* TruverusTests.xctest */;
			productType = "com.apple.product-type.bundle.unit-test";
		};
		CE54A19F2278012300C4BEE1 /* TruverusUITests */ = {
			isa = PBXNativeTarget;
			buildConfigurationList = CE54A1AF2278012300C4BEE1 /* Build configuration list for PBXNativeTarget "TruverusUITests" */;
			buildPhases = (
				CE54A19C2278012300C4BEE1 /* Sources */,
				CE54A19D2278012300C4BEE1 /* Frameworks */,
				CE54A19E2278012300C4BEE1 /* Resources */,
			);
			buildRules = (
			);
			dependencies = (
				CE54A1A22278012300C4BEE1 /* PBXTargetDependency */,
			);
			name = TruverusUITests;
			productName = TruverusUITests;
			productReference = CE54A1A02278012300C4BEE1 /* TruverusUITests.xctest */;
			productType = "com.apple.product-type.bundle.ui-testing";
		};
/* End PBXNativeTarget section */

/* Begin PBXProject section */
		CE54A1762278012200C4BEE1 /* Project object */ = {
			isa = PBXProject;
			attributes = {
				CLASSPREFIX = CP;
				LastSwiftUpdateCheck = 1010;
				LastUpgradeCheck = 1010;
				ORGANIZATIONNAME = ClearPicture;
				TargetAttributes = {
					CE54A17D2278012200C4BEE1 = {
						CreatedOnToolsVersion = 10.1;
						SystemCapabilities = {
							com.apple.NearFieldCommunicationTagReading = {
								enabled = 1;
							};
						};
					};
					CE54A1942278012300C4BEE1 = {
						CreatedOnToolsVersion = 10.1;
						TestTargetID = CE54A17D2278012200C4BEE1;
					};
					CE54A19F2278012300C4BEE1 = {
						CreatedOnToolsVersion = 10.1;
						TestTargetID = CE54A17D2278012200C4BEE1;
					};
				};
			};
			buildConfigurationList = CE54A1792278012200C4BEE1 /* Build configuration list for PBXProject "Truverus" */;
			compatibilityVersion = "Xcode 9.3";
			developmentRegion = en;
			hasScannedForEncodings = 0;
			knownRegions = (
				en,
				Base,
			);
			mainGroup = CE54A1752278012200C4BEE1;
			productRefGroup = CE54A17F2278012200C4BEE1 /* Products */;
			projectDirPath = "";
			projectRoot = "";
			targets = (
				CE54A17D2278012200C4BEE1 /* Truverus */,
				CE54A1942278012300C4BEE1 /* TruverusTests */,
				CE54A19F2278012300C4BEE1 /* TruverusUITests */,
			);
		};
/* End PBXProject section */

/* Begin PBXResourcesBuildPhase section */
		CE54A17C2278012200C4BEE1 /* Resources */ = {
			isa = PBXResourcesBuildPhase;
			buildActionMask = 2147483647;
			files = (
				CE54A1DF22780BC700C4BEE1 /* Trade Gothic LT Light Oblique.ttf in Resources */,
				CE54A1D822780BC700C4BEE1 /* AvenirNextLTPro-BoldCn.otf in Resources */,
				CE54A1D122780BC700C4BEE1 /* AvenirNextLTPro-Cn.otf in Resources */,
				CE54A1E022780BC700C4BEE1 /* Trade Gothic LT Oblique.ttf in Resources */,
				CE54A1D422780BC700C4BEE1 /* AvenirNextLTPro-Demi.otf in Resources */,
				CE54A1DE22780BC700C4BEE1 /* Trade Gothic LT Bold Extended.ttf in Resources */,
				CE54A1D622780BC700C4BEE1 /* Trade Gothic LT Bold.ttf in Resources */,
				CE54A1CF22780BC700C4BEE1 /* Trade Gothic LT Bold Oblique.ttf in Resources */,
				CEF23757228597E9006DB6AC /* Inbox.storyboard in Resources */,
				CE4C3A8B227DB393004443A2 /* CPMenuView.storyboard in Resources */,
				CE54A1D322780BC700C4BEE1 /* AvenirNextLTPro-DemiCnIt.otf in Resources */,
				CEE911C122894FA90000F3EE /* Settings.storyboard in Resources */,
				CE54A1E722780BC700C4BEE1 /* AvenirNextLTPro-HeavyCnIt.otf in Resources */,
				CE54A1E822780BC700C4BEE1 /* AvenirNextLTPro-Regular.otf in Resources */,
				CE74F9DA228196E80009ABCD /* credentials.plist in Resources */,
				CE54A1DA22780BC700C4BEE1 /* AvenirNextLTPro-BoldCnIt.otf in Resources */,
				CE4C3A91227DB393004443A2 /* CPHomeView.storyboard in Resources */,
				CE54A1E622780BC700C4BEE1 /* Trade Gothic LT Bold No. 2 Oblique.ttf in Resources */,
				CEF2375222858DE4006DB6AC /* NFC.storyboard in Resources */,
				CE54A1DB22780BC700C4BEE1 /* Trade Gothic LT Extended.ttf in Resources */,
				CE54A1E222780BC700C4BEE1 /* AvenirNextLTPro-It.otf in Resources */,
				CE54A1D722780BC700C4BEE1 /* Trade Gothic LT.ttf in Resources */,
				CE54A1E422780BC700C4BEE1 /* AvenirNextLTPro-HeavyCn.otf in Resources */,
				CE54A1E922780BC700C4BEE1 /* AvenirNextLTPro-DemiIt.otf in Resources */,
				CE54A1D922780BC700C4BEE1 /* AvenirNextLTPro-DemiCn.otf in Resources */,
				CE54A1E322780BC700C4BEE1 /* AvenirNextLTPro-MediumCnIt.otf in Resources */,
				CEE911C822897E700000F3EE /* ManageLocation.storyboard in Resources */,
				CE54A1DD22780BC700C4BEE1 /* AvenirNextLTPro-UltLtCn.otf in Resources */,
				CE4C3A8C227DB393004443A2 /* CPShareAppTableViewCell.xib in Resources */,
				CE54A18F2278012300C4BEE1 /* LaunchScreen.storyboard in Resources */,
				CE54A1E122780BC700C4BEE1 /* AvenirNextLTPro-UltLtCnIt.otf in Resources */,
				CE54A1D522780BC700C4BEE1 /* AvenirNextLTPro-CnIt.otf in Resources */,
				CE54A1D222780BC700C4BEE1 /* Trade Gothic LT Bold No. 2.ttf in Resources */,
				CE54A1E522780BC700C4BEE1 /* AvenirNextLTPro-MediumCn.otf in Resources */,
				CE54A18C2278012300C4BEE1 /* Assets.xcassets in Resources */,
				CEF2372A228440A6006DB6AC /* MyAccount.storyboard in Resources */,
				CEF2372722842595006DB6AC /* Transfer.storyboard in Resources */,
				CE54A1DC22780BC700C4BEE1 /* AvenirNextLTPro-Bold.otf in Resources */,
				CE54A1F5227813EE00C4BEE1 /* Main.storyboard in Resources */,
				CEE911A52289311D0000F3EE /* CPCommunity.storyboard in Resources */,
				CE54A1D022780BC700C4BEE1 /* Trade Gothic LT Light.ttf in Resources */,
				CE4C3A92227DB393004443A2 /* CPLogin.storyboard in Resources */,
			);
			runOnlyForDeploymentPostprocessing = 0;
		};
		CE54A1932278012300C4BEE1 /* Resources */ = {
			isa = PBXResourcesBuildPhase;
			buildActionMask = 2147483647;
			files = (
			);
			runOnlyForDeploymentPostprocessing = 0;
		};
		CE54A19E2278012300C4BEE1 /* Resources */ = {
			isa = PBXResourcesBuildPhase;
			buildActionMask = 2147483647;
			files = (
			);
			runOnlyForDeploymentPostprocessing = 0;
		};
/* End PBXResourcesBuildPhase section */

/* Begin PBXShellScriptBuildPhase section */
		4211530341003D24B0FE18F1 /* [CP] Copy Pods Resources */ = {
			isa = PBXShellScriptBuildPhase;
			buildActionMask = 2147483647;
			files = (
			);
			inputFileListPaths = (
			);
			inputPaths = (
				"${PODS_ROOT}/Target Support Files/Pods-Truverus/Pods-Truverus-resources.sh",
				"${PODS_ROOT}/GoogleMaps/Maps/Frameworks/GoogleMaps.framework/Resources/GoogleMaps.bundle",
				"${PODS_ROOT}/GooglePlaces/Frameworks/GooglePlaces.framework/Resources/GooglePlaces.bundle",
				"${PODS_ROOT}/GoogleSignIn/Resources/GoogleSignIn.bundle",
			);
			name = "[CP] Copy Pods Resources";
			outputFileListPaths = (
			);
			outputPaths = (
				"${TARGET_BUILD_DIR}/${UNLOCALIZED_RESOURCES_FOLDER_PATH}/GoogleMaps.bundle",
				"${TARGET_BUILD_DIR}/${UNLOCALIZED_RESOURCES_FOLDER_PATH}/GooglePlaces.bundle",
				"${TARGET_BUILD_DIR}/${UNLOCALIZED_RESOURCES_FOLDER_PATH}/GoogleSignIn.bundle",
			);
			runOnlyForDeploymentPostprocessing = 0;
			shellPath = /bin/sh;
			shellScript = "\"${PODS_ROOT}/Target Support Files/Pods-Truverus/Pods-Truverus-resources.sh\"\n";
			showEnvVarsInLog = 0;
		};
		CECD131D28862467D4875902 /* [CP] Embed Pods Frameworks */ = {
			isa = PBXShellScriptBuildPhase;
			buildActionMask = 2147483647;
			files = (
			);
			inputFileListPaths = (
			);
			inputPaths = (
				"${PODS_ROOT}/Target Support Files/Pods-Truverus/Pods-Truverus-frameworks.sh",
				"${BUILT_PRODUCTS_DIR}/Alamofire/Alamofire.framework",
				"${BUILT_PRODUCTS_DIR}/AlamofireObjectMapper/AlamofireObjectMapper.framework",
				"${BUILT_PRODUCTS_DIR}/GTMSessionFetcher/GTMSessionFetcher.framework",
				"${BUILT_PRODUCTS_DIR}/GoogleToolboxForMac/GoogleToolboxForMac.framework",
				"${BUILT_PRODUCTS_DIR}/Kingfisher/Kingfisher.framework",
				"${BUILT_PRODUCTS_DIR}/ObjectMapper/ObjectMapper.framework",
				"${BUILT_PRODUCTS_DIR}/ReachabilitySwift/Reachability.framework",
				"${BUILT_PRODUCTS_DIR}/SVProgressHUD/SVProgressHUD.framework",
				"${BUILT_PRODUCTS_DIR}/SnapKit/SnapKit.framework",
				"${BUILT_PRODUCTS_DIR}/SwiftyJSON/SwiftyJSON.framework",
				"${BUILT_PRODUCTS_DIR}/TaggerKit/TaggerKit.framework",
				"${BUILT_PRODUCTS_DIR}/XCDYouTubeKit/XCDYouTubeKit.framework",
			);
			name = "[CP] Embed Pods Frameworks";
			outputFileListPaths = (
			);
			outputPaths = (
				"${TARGET_BUILD_DIR}/${FRAMEWORKS_FOLDER_PATH}/Alamofire.framework",
				"${TARGET_BUILD_DIR}/${FRAMEWORKS_FOLDER_PATH}/AlamofireObjectMapper.framework",
				"${TARGET_BUILD_DIR}/${FRAMEWORKS_FOLDER_PATH}/GTMSessionFetcher.framework",
				"${TARGET_BUILD_DIR}/${FRAMEWORKS_FOLDER_PATH}/GoogleToolboxForMac.framework",
				"${TARGET_BUILD_DIR}/${FRAMEWORKS_FOLDER_PATH}/Kingfisher.framework",
				"${TARGET_BUILD_DIR}/${FRAMEWORKS_FOLDER_PATH}/ObjectMapper.framework",
				"${TARGET_BUILD_DIR}/${FRAMEWORKS_FOLDER_PATH}/Reachability.framework",
				"${TARGET_BUILD_DIR}/${FRAMEWORKS_FOLDER_PATH}/SVProgressHUD.framework",
				"${TARGET_BUILD_DIR}/${FRAMEWORKS_FOLDER_PATH}/SnapKit.framework",
				"${TARGET_BUILD_DIR}/${FRAMEWORKS_FOLDER_PATH}/SwiftyJSON.framework",
				"${TARGET_BUILD_DIR}/${FRAMEWORKS_FOLDER_PATH}/TaggerKit.framework",
				"${TARGET_BUILD_DIR}/${FRAMEWORKS_FOLDER_PATH}/XCDYouTubeKit.framework",
			);
			runOnlyForDeploymentPostprocessing = 0;
			shellPath = /bin/sh;
			shellScript = "\"${PODS_ROOT}/Target Support Files/Pods-Truverus/Pods-Truverus-frameworks.sh\"\n";
			showEnvVarsInLog = 0;
		};
		E828718182C04DA0261577E9 /* [CP] Check Pods Manifest.lock */ = {
			isa = PBXShellScriptBuildPhase;
			buildActionMask = 2147483647;
			files = (
			);
			inputFileListPaths = (
			);
			inputPaths = (
				"${PODS_PODFILE_DIR_PATH}/Podfile.lock",
				"${PODS_ROOT}/Manifest.lock",
			);
			name = "[CP] Check Pods Manifest.lock";
			outputFileListPaths = (
			);
			outputPaths = (
				"$(DERIVED_FILE_DIR)/Pods-Truverus-checkManifestLockResult.txt",
			);
			runOnlyForDeploymentPostprocessing = 0;
			shellPath = /bin/sh;
			shellScript = "diff \"${PODS_PODFILE_DIR_PATH}/Podfile.lock\" \"${PODS_ROOT}/Manifest.lock\" > /dev/null\nif [ $? != 0 ] ; then\n    # print error to STDERR\n    echo \"error: The sandbox is not in sync with the Podfile.lock. Run 'pod install' or update your CocoaPods installation.\" >&2\n    exit 1\nfi\n# This output is used by Xcode 'outputs' to avoid re-running this script phase.\necho \"SUCCESS\" > \"${SCRIPT_OUTPUT_FILE_0}\"\n";
			showEnvVarsInLog = 0;
		};
/* End PBXShellScriptBuildPhase section */

/* Begin PBXSourcesBuildPhase section */
		CE54A17A2278012200C4BEE1 /* Sources */ = {
			isa = PBXSourcesBuildPhase;
			buildActionMask = 2147483647;
			files = (
				CEF2375B228599AA006DB6AC /* CPRemovePopupViewController.swift in Sources */,
				CEF2375422858FF4006DB6AC /* CPNfcViewController.swift in Sources */,
				CEE911C32289552C0000F3EE /* CPSettingsViewController.swift in Sources */,
				CEE91205228EA58A0000F3EE /* ResponseError.swift in Sources */,
				CEE911B6228940AD0000F3EE /* CPEventCollectionViewCell.swift in Sources */,
				CE4C3A8F227DB393004443A2 /* CPMenuViewController.swift in Sources */,
				CEF237182282D76E006DB6AC /* CPCollectionTabCollectionViewCell.swift in Sources */,
				CEE911B022893F6A0000F3EE /* CPEventsViewController.swift in Sources */,
				CE15AA5A22803E2100881C8E /* CPSocialSignInHelper.swift in Sources */,
				CEF2372E22844423006DB6AC /* CPEditAccountViewController.swift in Sources */,
				CEE911D2228C0A630000F3EE /* CPScanViewModel.swift in Sources */,
				CEE9120A228EA6F80000F3EE /* SocialUserLogin.swift in Sources */,
				CEE911B42289409A0000F3EE /* CPPromotionCollectionViewCell.swift in Sources */,
				CEE911C5228955460000F3EE /* CPSettingsTableViewCell.swift in Sources */,
				CE54A1842278012200C4BEE1 /* ViewController.swift in Sources */,
				CEF237132282CE70006DB6AC /* CPMyCollectionScreenViewController.swift in Sources */,
				CEE911BE228944440000F3EE /* RatingController.swift in Sources */,
				CEE911AC22893F1E0000F3EE /* CPFeedbackViewController.swift in Sources */,
				CE54A1822278012200C4BEE1 /* AppDelegate.swift in Sources */,
				CEF23759228598E4006DB6AC /* CPInboxViewController.swift in Sources */,
				CEF2372522842564006DB6AC /* CPTransferViewController.swift in Sources */,
				CE4C3A90227DB393004443A2 /* CPHomeViewController.swift in Sources */,
				CEF2372022841BF5006DB6AC /* CPRequestsViewController.swift in Sources */,
				CEE911D0228BE5CE0000F3EE /* CPConstants.swift in Sources */,
				CEF237162282D6D8006DB6AC /* CPCollectionViewController.swift in Sources */,
				CEF2372222841C21006DB6AC /* CPRequestsCollectionViewCell.swift in Sources */,
				CE4C3A8E227DB393004443A2 /* CPMenuTableViewCell.swift in Sources */,
				CE15AA57228006B700881C8E /* BaseViewController.swift in Sources */,
				CEF2370E2282A5E6006DB6AC /* CPProductScreenViewController.swift in Sources */,
				CE4C3A93227DB393004443A2 /* CPSignUpViewController.swift in Sources */,
				CEF237102282A60F006DB6AC /* CPCustomTableViewCell.swift in Sources */,
				CE54A205227AB2C200C4BEE1 /* CPUiViewTransitions.swift in Sources */,
				CEE911AA22893E3F0000F3EE /* CPCommunityHomeViewController.swift in Sources */,
				CE54A1F2227811AE00C4BEE1 /* CPCustomSegmentedControll.swift in Sources */,
				CE54A1FC22784E4300C4BEE1 /* CPCommon.swift in Sources */,
				CEF2372C2284418D006DB6AC /* CPMyAccountViewController.swift in Sources */,
				CEE911CE228BE4E90000F3EE /* CPAPIManager.swift in Sources */,
				CE54A18A2278012200C4BEE1 /* Truverus.xcdatamodeld in Sources */,
				CEE911D4228C0AB20000F3EE /* CPHelper.swift in Sources */,
				CE4C3A8D227DB393004443A2 /* CPShareAppTableViewCell.swift in Sources */,
				CEE911AE22893F480000F3EE /* CPPromotionsViewController.swift in Sources */,
				CEE911BA228943D20000F3EE /* CPPromotionSubviewViewController.swift in Sources */,
				CEE911CA22898A390000F3EE /* CPMapViewController.swift in Sources */,
				CEF2371D2283F72D006DB6AC /* CPPendingCollectionViewCell.swift in Sources */,
				CEE91207228EA5990000F3EE /* UrlConstans.swift in Sources */,
				CE4C3A94227DB393004443A2 /* CPLoginViewController.swift in Sources */,
				CEE91203228EA5730000F3EE /* ApiManager.swift in Sources */,
				CEF2371B2283F70E006DB6AC /* CPPendingListViewController.swift in Sources */,
				CEF2374B228557C1006DB6AC /* CPUserProfile.swift in Sources */,
				CEF2375D22859A0C006DB6AC /* CPInboxCollectionViewCell.swift in Sources */,
				CEE911B2228940850000F3EE /* CPFeedbackCollectionViewCell.swift in Sources */,
				CE54A207227AC45D00C4BEE1 /* CPSlideInTransition.swift in Sources */,
				CEE911B8228943BF0000F3EE /* CPFeedbackSubViewController.swift in Sources */,
				CEF23731228552C9006DB6AC /* PercistanceService.swift in Sources */,
				CEF2370C2282A1A5006DB6AC /* CPParallaxTableView.swift in Sources */,
				CEE911BC228943E70000F3EE /* CPEventSubViewController.swift in Sources */,
			);
			runOnlyForDeploymentPostprocessing = 0;
		};
		CE54A1912278012300C4BEE1 /* Sources */ = {
			isa = PBXSourcesBuildPhase;
			buildActionMask = 2147483647;
			files = (
				CE54A19A2278012300C4BEE1 /* TruverusTests.swift in Sources */,
			);
			runOnlyForDeploymentPostprocessing = 0;
		};
		CE54A19C2278012300C4BEE1 /* Sources */ = {
			isa = PBXSourcesBuildPhase;
			buildActionMask = 2147483647;
			files = (
				CE54A1A52278012300C4BEE1 /* TruverusUITests.swift in Sources */,
			);
			runOnlyForDeploymentPostprocessing = 0;
		};
/* End PBXSourcesBuildPhase section */

/* Begin PBXTargetDependency section */
		CE54A1972278012300C4BEE1 /* PBXTargetDependency */ = {
			isa = PBXTargetDependency;
			target = CE54A17D2278012200C4BEE1 /* Truverus */;
			targetProxy = CE54A1962278012300C4BEE1 /* PBXContainerItemProxy */;
		};
		CE54A1A22278012300C4BEE1 /* PBXTargetDependency */ = {
			isa = PBXTargetDependency;
			target = CE54A17D2278012200C4BEE1 /* Truverus */;
			targetProxy = CE54A1A12278012300C4BEE1 /* PBXContainerItemProxy */;
		};
/* End PBXTargetDependency section */

/* Begin PBXVariantGroup section */
		CE54A18D2278012300C4BEE1 /* LaunchScreen.storyboard */ = {
			isa = PBXVariantGroup;
			children = (
				CE54A18E2278012300C4BEE1 /* Base */,
			);
			name = LaunchScreen.storyboard;
			sourceTree = "<group>";
		};
		CE54A1F3227813EE00C4BEE1 /* Main.storyboard */ = {
			isa = PBXVariantGroup;
			children = (
				CE54A1F4227813EE00C4BEE1 /* Base */,
			);
			name = Main.storyboard;
			sourceTree = "<group>";
		};
/* End PBXVariantGroup section */

/* Begin XCBuildConfiguration section */
		CE54A1A72278012300C4BEE1 /* Debug */ = {
			isa = XCBuildConfiguration;
			buildSettings = {
				ALWAYS_SEARCH_USER_PATHS = NO;
				CLANG_ANALYZER_NONNULL = YES;
				CLANG_ANALYZER_NUMBER_OBJECT_CONVERSION = YES_AGGRESSIVE;
				CLANG_CXX_LANGUAGE_STANDARD = "gnu++14";
				CLANG_CXX_LIBRARY = "libc++";
				CLANG_ENABLE_MODULES = YES;
				CLANG_ENABLE_OBJC_ARC = YES;
				CLANG_ENABLE_OBJC_WEAK = YES;
				CLANG_WARN_BLOCK_CAPTURE_AUTORELEASING = YES;
				CLANG_WARN_BOOL_CONVERSION = YES;
				CLANG_WARN_COMMA = YES;
				CLANG_WARN_CONSTANT_CONVERSION = YES;
				CLANG_WARN_DEPRECATED_OBJC_IMPLEMENTATIONS = YES;
				CLANG_WARN_DIRECT_OBJC_ISA_USAGE = YES_ERROR;
				CLANG_WARN_DOCUMENTATION_COMMENTS = YES;
				CLANG_WARN_EMPTY_BODY = YES;
				CLANG_WARN_ENUM_CONVERSION = YES;
				CLANG_WARN_INFINITE_RECURSION = YES;
				CLANG_WARN_INT_CONVERSION = YES;
				CLANG_WARN_NON_LITERAL_NULL_CONVERSION = YES;
				CLANG_WARN_OBJC_IMPLICIT_RETAIN_SELF = YES;
				CLANG_WARN_OBJC_LITERAL_CONVERSION = YES;
				CLANG_WARN_OBJC_ROOT_CLASS = YES_ERROR;
				CLANG_WARN_RANGE_LOOP_ANALYSIS = YES;
				CLANG_WARN_STRICT_PROTOTYPES = YES;
				CLANG_WARN_SUSPICIOUS_MOVE = YES;
				CLANG_WARN_UNGUARDED_AVAILABILITY = YES_AGGRESSIVE;
				CLANG_WARN_UNREACHABLE_CODE = YES;
				CLANG_WARN__DUPLICATE_METHOD_MATCH = YES;
				CODE_SIGN_IDENTITY = "iPhone Developer";
				COPY_PHASE_STRIP = NO;
				DEBUG_INFORMATION_FORMAT = dwarf;
				ENABLE_STRICT_OBJC_MSGSEND = YES;
				ENABLE_TESTABILITY = YES;
				GCC_C_LANGUAGE_STANDARD = gnu11;
				GCC_DYNAMIC_NO_PIC = NO;
				GCC_NO_COMMON_BLOCKS = YES;
				GCC_OPTIMIZATION_LEVEL = 0;
				GCC_PREPROCESSOR_DEFINITIONS = (
					"DEBUG=1",
					"$(inherited)",
				);
				GCC_WARN_64_TO_32_BIT_CONVERSION = YES;
				GCC_WARN_ABOUT_RETURN_TYPE = YES_ERROR;
				GCC_WARN_UNDECLARED_SELECTOR = YES;
				GCC_WARN_UNINITIALIZED_AUTOS = YES_AGGRESSIVE;
				GCC_WARN_UNUSED_FUNCTION = YES;
				GCC_WARN_UNUSED_VARIABLE = YES;
				IPHONEOS_DEPLOYMENT_TARGET = 12.1;
				MTL_ENABLE_DEBUG_INFO = INCLUDE_SOURCE;
				MTL_FAST_MATH = YES;
				ONLY_ACTIVE_ARCH = YES;
				SDKROOT = iphoneos;
				SWIFT_ACTIVE_COMPILATION_CONDITIONS = DEBUG;
				SWIFT_OPTIMIZATION_LEVEL = "-Onone";
			};
			name = Debug;
		};
		CE54A1A82278012300C4BEE1 /* Release */ = {
			isa = XCBuildConfiguration;
			buildSettings = {
				ALWAYS_SEARCH_USER_PATHS = NO;
				CLANG_ANALYZER_NONNULL = YES;
				CLANG_ANALYZER_NUMBER_OBJECT_CONVERSION = YES_AGGRESSIVE;
				CLANG_CXX_LANGUAGE_STANDARD = "gnu++14";
				CLANG_CXX_LIBRARY = "libc++";
				CLANG_ENABLE_MODULES = YES;
				CLANG_ENABLE_OBJC_ARC = YES;
				CLANG_ENABLE_OBJC_WEAK = YES;
				CLANG_WARN_BLOCK_CAPTURE_AUTORELEASING = YES;
				CLANG_WARN_BOOL_CONVERSION = YES;
				CLANG_WARN_COMMA = YES;
				CLANG_WARN_CONSTANT_CONVERSION = YES;
				CLANG_WARN_DEPRECATED_OBJC_IMPLEMENTATIONS = YES;
				CLANG_WARN_DIRECT_OBJC_ISA_USAGE = YES_ERROR;
				CLANG_WARN_DOCUMENTATION_COMMENTS = YES;
				CLANG_WARN_EMPTY_BODY = YES;
				CLANG_WARN_ENUM_CONVERSION = YES;
				CLANG_WARN_INFINITE_RECURSION = YES;
				CLANG_WARN_INT_CONVERSION = YES;
				CLANG_WARN_NON_LITERAL_NULL_CONVERSION = YES;
				CLANG_WARN_OBJC_IMPLICIT_RETAIN_SELF = YES;
				CLANG_WARN_OBJC_LITERAL_CONVERSION = YES;
				CLANG_WARN_OBJC_ROOT_CLASS = YES_ERROR;
				CLANG_WARN_RANGE_LOOP_ANALYSIS = YES;
				CLANG_WARN_STRICT_PROTOTYPES = YES;
				CLANG_WARN_SUSPICIOUS_MOVE = YES;
				CLANG_WARN_UNGUARDED_AVAILABILITY = YES_AGGRESSIVE;
				CLANG_WARN_UNREACHABLE_CODE = YES;
				CLANG_WARN__DUPLICATE_METHOD_MATCH = YES;
				CODE_SIGN_IDENTITY = "iPhone Developer";
				COPY_PHASE_STRIP = NO;
				DEBUG_INFORMATION_FORMAT = "dwarf-with-dsym";
				ENABLE_NS_ASSERTIONS = NO;
				ENABLE_STRICT_OBJC_MSGSEND = YES;
				GCC_C_LANGUAGE_STANDARD = gnu11;
				GCC_NO_COMMON_BLOCKS = YES;
				GCC_WARN_64_TO_32_BIT_CONVERSION = YES;
				GCC_WARN_ABOUT_RETURN_TYPE = YES_ERROR;
				GCC_WARN_UNDECLARED_SELECTOR = YES;
				GCC_WARN_UNINITIALIZED_AUTOS = YES_AGGRESSIVE;
				GCC_WARN_UNUSED_FUNCTION = YES;
				GCC_WARN_UNUSED_VARIABLE = YES;
				IPHONEOS_DEPLOYMENT_TARGET = 12.1;
				MTL_ENABLE_DEBUG_INFO = NO;
				MTL_FAST_MATH = YES;
				SDKROOT = iphoneos;
				SWIFT_COMPILATION_MODE = wholemodule;
				SWIFT_OPTIMIZATION_LEVEL = "-O";
				VALIDATE_PRODUCT = YES;
			};
			name = Release;
		};
		CE54A1AA2278012300C4BEE1 /* Debug */ = {
			isa = XCBuildConfiguration;
			baseConfigurationReference = 79270D05B946BDC3E1A965AE /* Pods-Truverus.debug.xcconfig */;
			buildSettings = {
				ASSETCATALOG_COMPILER_APPICON_NAME = AppIcon;
				CODE_SIGN_ENTITLEMENTS = Truverus/Truverus.entitlements;
				CODE_SIGN_IDENTITY = "iPhone Developer";
				CODE_SIGN_STYLE = Manual;
				DEVELOPMENT_TEAM = AS2ECMWCBD;
				FRAMEWORK_SEARCH_PATHS = (
					"$(inherited)",
					"$(PROJECT_DIR)/Truverus",
				);
				INFOPLIST_FILE = Truverus/Info.plist;
				IPHONEOS_DEPLOYMENT_TARGET = 12.2;
				LD_RUNPATH_SEARCH_PATHS = (
					"$(inherited)",
					"@executable_path/Frameworks",
				);
				PRODUCT_BUNDLE_IDENTIFIER = com.teamclearpicture.Truverus;
				PRODUCT_NAME = "$(TARGET_NAME)";
				PROVISIONING_PROFILE_SPECIFIER = Truverus;
				SWIFT_VERSION = 4.2;
				TARGETED_DEVICE_FAMILY = "1,2";
			};
			name = Debug;
		};
		CE54A1AB2278012300C4BEE1 /* Release */ = {
			isa = XCBuildConfiguration;
			baseConfigurationReference = D53D24A0A870DEAE7A3BF2C6 /* Pods-Truverus.release.xcconfig */;
			buildSettings = {
				ASSETCATALOG_COMPILER_APPICON_NAME = AppIcon;
				CODE_SIGN_ENTITLEMENTS = Truverus/Truverus.entitlements;
				CODE_SIGN_IDENTITY = "iPhone Developer";
				CODE_SIGN_STYLE = Manual;
				DEVELOPMENT_TEAM = AS2ECMWCBD;
				FRAMEWORK_SEARCH_PATHS = (
					"$(inherited)",
					"$(PROJECT_DIR)/Truverus",
				);
				INFOPLIST_FILE = Truverus/Info.plist;
				IPHONEOS_DEPLOYMENT_TARGET = 12.2;
				LD_RUNPATH_SEARCH_PATHS = (
					"$(inherited)",
					"@executable_path/Frameworks",
				);
				PRODUCT_BUNDLE_IDENTIFIER = com.teamclearpicture.Truverus;
				PRODUCT_NAME = "$(TARGET_NAME)";
				PROVISIONING_PROFILE_SPECIFIER = Truverus;
				SWIFT_VERSION = 4.2;
				TARGETED_DEVICE_FAMILY = "1,2";
			};
			name = Release;
		};
		CE54A1AD2278012300C4BEE1 /* Debug */ = {
			isa = XCBuildConfiguration;
			buildSettings = {
				ALWAYS_EMBED_SWIFT_STANDARD_LIBRARIES = YES;
				BUNDLE_LOADER = "$(TEST_HOST)";
				CODE_SIGN_STYLE = Automatic;
				DEVELOPMENT_TEAM = L3WA9HD69H;
				INFOPLIST_FILE = TruverusTests/Info.plist;
				LD_RUNPATH_SEARCH_PATHS = (
					"$(inherited)",
					"@executable_path/Frameworks",
					"@loader_path/Frameworks",
				);
				PRODUCT_BUNDLE_IDENTIFIER = com.clearpicture.TruverusTests;
				PRODUCT_NAME = "$(TARGET_NAME)";
				SWIFT_VERSION = 4.2;
				TARGETED_DEVICE_FAMILY = "1,2";
				TEST_HOST = "$(BUILT_PRODUCTS_DIR)/Truverus.app/Truverus";
			};
			name = Debug;
		};
		CE54A1AE2278012300C4BEE1 /* Release */ = {
			isa = XCBuildConfiguration;
			buildSettings = {
				ALWAYS_EMBED_SWIFT_STANDARD_LIBRARIES = YES;
				BUNDLE_LOADER = "$(TEST_HOST)";
				CODE_SIGN_STYLE = Automatic;
				DEVELOPMENT_TEAM = L3WA9HD69H;
				INFOPLIST_FILE = TruverusTests/Info.plist;
				LD_RUNPATH_SEARCH_PATHS = (
					"$(inherited)",
					"@executable_path/Frameworks",
					"@loader_path/Frameworks",
				);
				PRODUCT_BUNDLE_IDENTIFIER = com.clearpicture.TruverusTests;
				PRODUCT_NAME = "$(TARGET_NAME)";
				SWIFT_VERSION = 4.2;
				TARGETED_DEVICE_FAMILY = "1,2";
				TEST_HOST = "$(BUILT_PRODUCTS_DIR)/Truverus.app/Truverus";
			};
			name = Release;
		};
		CE54A1B02278012300C4BEE1 /* Debug */ = {
			isa = XCBuildConfiguration;
			buildSettings = {
				ALWAYS_EMBED_SWIFT_STANDARD_LIBRARIES = YES;
				CODE_SIGN_STYLE = Automatic;
				DEVELOPMENT_TEAM = L3WA9HD69H;
				INFOPLIST_FILE = TruverusUITests/Info.plist;
				LD_RUNPATH_SEARCH_PATHS = (
					"$(inherited)",
					"@executable_path/Frameworks",
					"@loader_path/Frameworks",
				);
				PRODUCT_BUNDLE_IDENTIFIER = com.clearpicture.TruverusUITests;
				PRODUCT_NAME = "$(TARGET_NAME)";
				SWIFT_VERSION = 4.2;
				TARGETED_DEVICE_FAMILY = "1,2";
				TEST_TARGET_NAME = Truverus;
			};
			name = Debug;
		};
		CE54A1B12278012300C4BEE1 /* Release */ = {
			isa = XCBuildConfiguration;
			buildSettings = {
				ALWAYS_EMBED_SWIFT_STANDARD_LIBRARIES = YES;
				CODE_SIGN_STYLE = Automatic;
				DEVELOPMENT_TEAM = L3WA9HD69H;
				INFOPLIST_FILE = TruverusUITests/Info.plist;
				LD_RUNPATH_SEARCH_PATHS = (
					"$(inherited)",
					"@executable_path/Frameworks",
					"@loader_path/Frameworks",
				);
				PRODUCT_BUNDLE_IDENTIFIER = com.clearpicture.TruverusUITests;
				PRODUCT_NAME = "$(TARGET_NAME)";
				SWIFT_VERSION = 4.2;
				TARGETED_DEVICE_FAMILY = "1,2";
				TEST_TARGET_NAME = Truverus;
			};
			name = Release;
		};
/* End XCBuildConfiguration section */

/* Begin XCConfigurationList section */
		CE54A1792278012200C4BEE1 /* Build configuration list for PBXProject "Truverus" */ = {
			isa = XCConfigurationList;
			buildConfigurations = (
				CE54A1A72278012300C4BEE1 /* Debug */,
				CE54A1A82278012300C4BEE1 /* Release */,
			);
			defaultConfigurationIsVisible = 0;
			defaultConfigurationName = Release;
		};
		CE54A1A92278012300C4BEE1 /* Build configuration list for PBXNativeTarget "Truverus" */ = {
			isa = XCConfigurationList;
			buildConfigurations = (
				CE54A1AA2278012300C4BEE1 /* Debug */,
				CE54A1AB2278012300C4BEE1 /* Release */,
			);
			defaultConfigurationIsVisible = 0;
			defaultConfigurationName = Release;
		};
		CE54A1AC2278012300C4BEE1 /* Build configuration list for PBXNativeTarget "TruverusTests" */ = {
			isa = XCConfigurationList;
			buildConfigurations = (
				CE54A1AD2278012300C4BEE1 /* Debug */,
				CE54A1AE2278012300C4BEE1 /* Release */,
			);
			defaultConfigurationIsVisible = 0;
			defaultConfigurationName = Release;
		};
		CE54A1AF2278012300C4BEE1 /* Build configuration list for PBXNativeTarget "TruverusUITests" */ = {
			isa = XCConfigurationList;
			buildConfigurations = (
				CE54A1B02278012300C4BEE1 /* Debug */,
				CE54A1B12278012300C4BEE1 /* Release */,
			);
			defaultConfigurationIsVisible = 0;
			defaultConfigurationName = Release;
		};
/* End XCConfigurationList section */

/* Begin XCVersionGroup section */
		CE54A1882278012200C4BEE1 /* Truverus.xcdatamodeld */ = {
			isa = XCVersionGroup;
			children = (
				CE54A1892278012200C4BEE1 /* Truverus.xcdatamodel */,
			);
			currentVersion = CE54A1892278012200C4BEE1 /* Truverus.xcdatamodel */;
			path = Truverus.xcdatamodeld;
			sourceTree = "<group>";
			versionGroupType = wrapper.xcdatamodel;
		};
/* End XCVersionGroup section */
	};
	rootObject = CE54A1762278012200C4BEE1 /* Project object */;
}
